// !$*UTF8*$!
{
	archiveVersion = 1;
	classes = {
	};
	objectVersion = 56;
	objects = {

/* Begin PBXBuildFile section */
		2B35F72D28DEAB17009EF9C9 /* App.swift in Sources */ = {isa = PBXBuildFile; fileRef = 2B35F72C28DEAB17009EF9C9 /* App.swift */; };
		2B35F72F28DEAB17009EF9C9 /* Persistence.swift in Sources */ = {isa = PBXBuildFile; fileRef = 2B35F72E28DEAB17009EF9C9 /* Persistence.swift */; };
		2B35F73228DEAB17009EF9C9 /* APNs_Helper.xcdatamodeld in Sources */ = {isa = PBXBuildFile; fileRef = 2B35F73028DEAB17009EF9C9 /* APNs_Helper.xcdatamodeld */; };
		2B35F73428DEAB17009EF9C9 /* ContentView.swift in Sources */ = {isa = PBXBuildFile; fileRef = 2B35F73328DEAB17009EF9C9 /* ContentView.swift */; };
		2B35F73628DEAB18009EF9C9 /* Assets.xcassets in Resources */ = {isa = PBXBuildFile; fileRef = 2B35F73528DEAB18009EF9C9 /* Assets.xcassets */; };
		2B35F73A28DEAB18009EF9C9 /* Preview Assets.xcassets in Resources */ = {isa = PBXBuildFile; fileRef = 2B35F73928DEAB18009EF9C9 /* Preview Assets.xcassets */; };
		2B35F76B28DEAF56009EF9C9 /* Config.swift in Sources */ = {isa = PBXBuildFile; fileRef = 2B35F76A28DEAF56009EF9C9 /* Config.swift */; };
		2B35F76D28DEAFCD009EF9C9 /* AppModel.swift in Sources */ = {isa = PBXBuildFile; fileRef = 2B35F76C28DEAFCD009EF9C9 /* AppModel.swift */; };
		2B40E2AC29DE756500E484FB /* String+Utils.swift in Sources */ = {isa = PBXBuildFile; fileRef = 2B40E2AB29DE756500E484FB /* String+Utils.swift */; };
		2B40F8A629DEE00E00E484FB /* Config+Utils.swift in Sources */ = {isa = PBXBuildFile; fileRef = 2B40F8A529DEE00E00E484FB /* Config+Utils.swift */; };
		2B40F8B529DEEC1000E484FB /* AlertToast in Frameworks */ = {isa = PBXBuildFile; productRef = 2B40F8B429DEEC1000E484FB /* AlertToast */; };
		2B5036EF29DAA8600010F62D /* APNsService+Simulator.swift in Sources */ = {isa = PBXBuildFile; fileRef = 2B5036EE29DAA8600010F62D /* APNsService+Simulator.swift */; };
		2B505E2829DD25B50010F62D /* AppContent+iOS.swift in Sources */ = {isa = PBXBuildFile; fileRef = 2B505E2729DD25B50010F62D /* AppContent+iOS.swift */; platformFilter = ios; };
		2B505E2A29DD26230010F62D /* AppContent+macOS.swift in Sources */ = {isa = PBXBuildFile; fileRef = 2B505E2929DD26230010F62D /* AppContent+macOS.swift */; platformFilters = (macos, ); };
		2B586C5B28EAD4660067705A /* AppSandBox.swift in Sources */ = {isa = PBXBuildFile; fileRef = 2B586C5A28EAD4660067705A /* AppSandBox.swift */; };
		2B64E96229E6B36A0007B1D0 /* Assets.xcassets in Resources */ = {isa = PBXBuildFile; fileRef = 2B64E95A29E6B36A0007B1D0 /* Assets.xcassets */; };
		2B64E96329E6B36A0007B1D0 /* Preview Assets.xcassets in Resources */ = {isa = PBXBuildFile; fileRef = 2B64E95C29E6B36A0007B1D0 /* Preview Assets.xcassets */; };
		2B64E96429E6B36A0007B1D0 /* TesterApp.swift in Sources */ = {isa = PBXBuildFile; fileRef = 2B64E95D29E6B36A0007B1D0 /* TesterApp.swift */; };
		2B64E96529E6B36A0007B1D0 /* TesterAppModel.swift in Sources */ = {isa = PBXBuildFile; fileRef = 2B64E95E29E6B36A0007B1D0 /* TesterAppModel.swift */; };
		2B64E96629E6B36A0007B1D0 /* ContentView.swift in Sources */ = {isa = PBXBuildFile; fileRef = 2B64E95F29E6B36A0007B1D0 /* ContentView.swift */; };
		2B64E96929E6B9B10007B1D0 /* AppDelegate+UNUserNotification.swift in Sources */ = {isa = PBXBuildFile; fileRef = 2B40F8B029DEE2F700E484FB /* AppDelegate+UNUserNotification.swift */; };
		2B64E96A29E6BA590007B1D0 /* AppDelegate.swift in Sources */ = {isa = PBXBuildFile; fileRef = 2B40F8AA29DEE25F00E484FB /* AppDelegate.swift */; };
		2B64E96B29E6BA5E0007B1D0 /* AppDelegate+PushKitCallKit.swift in Sources */ = {isa = PBXBuildFile; fileRef = 2BE68FF129E6A5D40013237F /* AppDelegate+PushKitCallKit.swift */; };
		2B64E96C29E6BA5E0007B1D0 /* PushKitManager.swift in Sources */ = {isa = PBXBuildFile; fileRef = 2BE68FED29E6A4AC0013237F /* PushKitManager.swift */; };
		2B64E96D29E6BA5E0007B1D0 /* CallKitManager.swift in Sources */ = {isa = PBXBuildFile; fileRef = 2BE68FEF29E6A4B30013237F /* CallKitManager.swift */; };
		2B64E97429E6BAC80007B1D0 /* PushKitManager.swift in Sources */ = {isa = PBXBuildFile; fileRef = 2BE68FED29E6A4AC0013237F /* PushKitManager.swift */; };
		2B64E97529E6BAC80007B1D0 /* AppDelegate.swift in Sources */ = {isa = PBXBuildFile; fileRef = 2B40F8AA29DEE25F00E484FB /* AppDelegate.swift */; };
		2B64E97629E6BAC80007B1D0 /* AppDelegate+PushKitCallKit.swift in Sources */ = {isa = PBXBuildFile; fileRef = 2BE68FF129E6A5D40013237F /* AppDelegate+PushKitCallKit.swift */; };
		2B64E97729E6BAC80007B1D0 /* AppDelegate+UNUserNotification.swift in Sources */ = {isa = PBXBuildFile; fileRef = 2B40F8B029DEE2F700E484FB /* AppDelegate+UNUserNotification.swift */; };
		2B64E97829E6BAC80007B1D0 /* CallKitManager.swift in Sources */ = {isa = PBXBuildFile; fileRef = 2BE68FEF29E6A4B30013237F /* CallKitManager.swift */; };
		2B64E97C29E6BBA70007B1D0 /* Data+Hex.swift in Sources */ = {isa = PBXBuildFile; fileRef = 2B64E97A29E6BB950007B1D0 /* Data+Hex.swift */; };
		2B64E98029E6C78C0007B1D0 /* UNUserNotificationManager.swift in Sources */ = {isa = PBXBuildFile; fileRef = 2B64E97F29E6C78C0007B1D0 /* UNUserNotificationManager.swift */; };
		2B64E98129E6C8180007B1D0 /* UNUserNotificationManager.swift in Sources */ = {isa = PBXBuildFile; fileRef = 2B64E97F29E6C78C0007B1D0 /* UNUserNotificationManager.swift */; };
		2B64E98829E6CD690007B1D0 /* Data+Hex.swift in Sources */ = {isa = PBXBuildFile; fileRef = 2B64E97A29E6BB950007B1D0 /* Data+Hex.swift */; };
		2BA3E0B328E56040006DBCCC /* InputTextEditor.swift in Sources */ = {isa = PBXBuildFile; fileRef = 2BA3E0B228E56040006DBCCC /* InputTextEditor.swift */; };
		2BA3E0B728E57D5A006DBCCC /* AppLogHandler.swift in Sources */ = {isa = PBXBuildFile; fileRef = 2BA3E0B628E57D5A006DBCCC /* AppLogHandler.swift */; };
		2BBDDE7728E494440052DC28 /* AppContent.swift in Sources */ = {isa = PBXBuildFile; fileRef = 2BBDDE7628E494440052DC28 /* AppContent.swift */; };
		2BBDDE7928E49A770052DC28 /* InputView.swift in Sources */ = {isa = PBXBuildFile; fileRef = 2BBDDE7828E49A770052DC28 /* InputView.swift */; };
		2BBDDE7B28E4B0FF0052DC28 /* APNsService.swift in Sources */ = {isa = PBXBuildFile; fileRef = 2BBDDE7A28E4B0FF0052DC28 /* APNsService.swift */; };
		2BD3323F28E7221200E27D2D /* APNsService+Template.swift in Sources */ = {isa = PBXBuildFile; fileRef = 2BD3323E28E7221200E27D2D /* APNsService+Template.swift */; };
		2BDB538B29384BCE00E38E77 /* APNSwift in Frameworks */ = {isa = PBXBuildFile; productRef = 2BDB538A29384BCE00E38E77 /* APNSwift */; };
		F3A46DEC29DDAA41004D4AD1 /* Data+Utils.swift in Sources */ = {isa = PBXBuildFile; fileRef = F3A46DEB29DDAA41004D4AD1 /* Data+Utils.swift */; };
		F3A46DEE29DDAA4E004D4AD1 /* Array+Utils.swift in Sources */ = {isa = PBXBuildFile; fileRef = F3A46DED29DDAA4E004D4AD1 /* Array+Utils.swift */; };
		F3A46DF029DDAA87004D4AD1 /* URL+Utils.swift in Sources */ = {isa = PBXBuildFile; fileRef = F3A46DEF29DDAA87004D4AD1 /* URL+Utils.swift */; };
/* End PBXBuildFile section */

/* Begin PBXFileReference section */
		2B35F72928DEAB17009EF9C9 /* APNs Helper.app */ = {isa = PBXFileReference; explicitFileType = wrapper.application; includeInIndex = 0; path = "APNs Helper.app"; sourceTree = BUILT_PRODUCTS_DIR; };
		2B35F72C28DEAB17009EF9C9 /* App.swift */ = {isa = PBXFileReference; lastKnownFileType = sourcecode.swift; path = App.swift; sourceTree = "<group>"; };
		2B35F72E28DEAB17009EF9C9 /* Persistence.swift */ = {isa = PBXFileReference; lastKnownFileType = sourcecode.swift; path = Persistence.swift; sourceTree = "<group>"; };
		2B35F73128DEAB17009EF9C9 /* APNs_Helper.xcdatamodel */ = {isa = PBXFileReference; lastKnownFileType = wrapper.xcdatamodel; path = APNs_Helper.xcdatamodel; sourceTree = "<group>"; };
		2B35F73328DEAB17009EF9C9 /* ContentView.swift */ = {isa = PBXFileReference; lastKnownFileType = sourcecode.swift; path = ContentView.swift; sourceTree = "<group>"; };
		2B35F73528DEAB18009EF9C9 /* Assets.xcassets */ = {isa = PBXFileReference; lastKnownFileType = folder.assetcatalog; path = Assets.xcassets; sourceTree = "<group>"; };
		2B35F73728DEAB18009EF9C9 /* APNs_Helper.entitlements */ = {isa = PBXFileReference; lastKnownFileType = text.plist.entitlements; path = APNs_Helper.entitlements; sourceTree = "<group>"; };
		2B35F73928DEAB18009EF9C9 /* Preview Assets.xcassets */ = {isa = PBXFileReference; lastKnownFileType = folder.assetcatalog; path = "Preview Assets.xcassets"; sourceTree = "<group>"; };
		2B35F76A28DEAF56009EF9C9 /* Config.swift */ = {isa = PBXFileReference; lastKnownFileType = sourcecode.swift; path = Config.swift; sourceTree = "<group>"; };
		2B35F76C28DEAFCD009EF9C9 /* AppModel.swift */ = {isa = PBXFileReference; lastKnownFileType = sourcecode.swift; path = AppModel.swift; sourceTree = "<group>"; };
		2B40E2AB29DE756500E484FB /* String+Utils.swift */ = {isa = PBXFileReference; lastKnownFileType = sourcecode.swift; path = "String+Utils.swift"; sourceTree = "<group>"; };
		2B40F8A529DEE00E00E484FB /* Config+Utils.swift */ = {isa = PBXFileReference; lastKnownFileType = sourcecode.swift; path = "Config+Utils.swift"; sourceTree = "<group>"; };
		2B40F8AA29DEE25F00E484FB /* AppDelegate.swift */ = {isa = PBXFileReference; fileEncoding = 4; lastKnownFileType = sourcecode.swift; path = AppDelegate.swift; sourceTree = "<group>"; };
		2B40F8B029DEE2F700E484FB /* AppDelegate+UNUserNotification.swift */ = {isa = PBXFileReference; lastKnownFileType = sourcecode.swift; path = "AppDelegate+UNUserNotification.swift"; sourceTree = "<group>"; };
		2B40F8B229DEE6E100E484FB /* APNs-Helper-Info.plist */ = {isa = PBXFileReference; lastKnownFileType = text.plist.xml; name = "APNs-Helper-Info.plist"; path = "APNs Helper/Resources/APNs-Helper-Info.plist"; sourceTree = SOURCE_ROOT; };
		2B5036EE29DAA8600010F62D /* APNsService+Simulator.swift */ = {isa = PBXFileReference; lastKnownFileType = sourcecode.swift; path = "APNsService+Simulator.swift"; sourceTree = "<group>"; };
		2B505E2729DD25B50010F62D /* AppContent+iOS.swift */ = {isa = PBXFileReference; lastKnownFileType = sourcecode.swift; path = "AppContent+iOS.swift"; sourceTree = "<group>"; };
		2B505E2929DD26230010F62D /* AppContent+macOS.swift */ = {isa = PBXFileReference; lastKnownFileType = sourcecode.swift; path = "AppContent+macOS.swift"; sourceTree = "<group>"; };
		2B586C5A28EAD4660067705A /* AppSandBox.swift */ = {isa = PBXFileReference; lastKnownFileType = sourcecode.swift; path = AppSandBox.swift; sourceTree = "<group>"; };
		2B64E94829E6B3160007B1D0 /* APNs Helper Tester.app */ = {isa = PBXFileReference; explicitFileType = wrapper.application; includeInIndex = 0; path = "APNs Helper Tester.app"; sourceTree = BUILT_PRODUCTS_DIR; };
		2B64E95829E6B36A0007B1D0 /* APNs Helper Tester.entitlements */ = {isa = PBXFileReference; fileEncoding = 4; lastKnownFileType = text.plist.entitlements; path = "APNs Helper Tester.entitlements"; sourceTree = "<group>"; };
		2B64E95A29E6B36A0007B1D0 /* Assets.xcassets */ = {isa = PBXFileReference; lastKnownFileType = folder.assetcatalog; path = Assets.xcassets; sourceTree = "<group>"; };
		2B64E95C29E6B36A0007B1D0 /* Preview Assets.xcassets */ = {isa = PBXFileReference; lastKnownFileType = folder.assetcatalog; path = "Preview Assets.xcassets"; sourceTree = "<group>"; };
		2B64E95D29E6B36A0007B1D0 /* TesterApp.swift */ = {isa = PBXFileReference; fileEncoding = 4; lastKnownFileType = sourcecode.swift; path = TesterApp.swift; sourceTree = "<group>"; };
		2B64E95E29E6B36A0007B1D0 /* TesterAppModel.swift */ = {isa = PBXFileReference; fileEncoding = 4; lastKnownFileType = sourcecode.swift; path = TesterAppModel.swift; sourceTree = "<group>"; };
		2B64E95F29E6B36A0007B1D0 /* ContentView.swift */ = {isa = PBXFileReference; fileEncoding = 4; lastKnownFileType = sourcecode.swift; path = ContentView.swift; sourceTree = "<group>"; };
		2B64E96829E6B5690007B1D0 /* APNs-Helper-Tester-Info.plist */ = {isa = PBXFileReference; lastKnownFileType = text.plist; path = "APNs-Helper-Tester-Info.plist"; sourceTree = SOURCE_ROOT; };
		2B64E97A29E6BB950007B1D0 /* Data+Hex.swift */ = {isa = PBXFileReference; lastKnownFileType = sourcecode.swift; path = "Data+Hex.swift"; sourceTree = "<group>"; };
		2B64E97F29E6C78C0007B1D0 /* UNUserNotificationManager.swift */ = {isa = PBXFileReference; lastKnownFileType = sourcecode.swift; path = UNUserNotificationManager.swift; sourceTree = "<group>"; };
		2BA3E0B228E56040006DBCCC /* InputTextEditor.swift */ = {isa = PBXFileReference; lastKnownFileType = sourcecode.swift; path = InputTextEditor.swift; sourceTree = "<group>"; };
		2BA3E0B628E57D5A006DBCCC /* AppLogHandler.swift */ = {isa = PBXFileReference; lastKnownFileType = sourcecode.swift; path = AppLogHandler.swift; sourceTree = "<group>"; };
		2BBDDE7628E494440052DC28 /* AppContent.swift */ = {isa = PBXFileReference; lastKnownFileType = sourcecode.swift; path = AppContent.swift; sourceTree = "<group>"; };
		2BBDDE7828E49A770052DC28 /* InputView.swift */ = {isa = PBXFileReference; lastKnownFileType = sourcecode.swift; path = InputView.swift; sourceTree = "<group>"; };
		2BBDDE7A28E4B0FF0052DC28 /* APNsService.swift */ = {isa = PBXFileReference; lastKnownFileType = sourcecode.swift; path = APNsService.swift; sourceTree = "<group>"; };
		2BD3323E28E7221200E27D2D /* APNsService+Template.swift */ = {isa = PBXFileReference; lastKnownFileType = sourcecode.swift; path = "APNsService+Template.swift"; sourceTree = "<group>"; };
		2BE68FED29E6A4AC0013237F /* PushKitManager.swift */ = {isa = PBXFileReference; lastKnownFileType = sourcecode.swift; path = PushKitManager.swift; sourceTree = "<group>"; };
		2BE68FEF29E6A4B30013237F /* CallKitManager.swift */ = {isa = PBXFileReference; lastKnownFileType = sourcecode.swift; path = CallKitManager.swift; sourceTree = "<group>"; };
		2BE68FF129E6A5D40013237F /* AppDelegate+PushKitCallKit.swift */ = {isa = PBXFileReference; lastKnownFileType = sourcecode.swift; path = "AppDelegate+PushKitCallKit.swift"; sourceTree = "<group>"; };
		F3A46DEB29DDAA41004D4AD1 /* Data+Utils.swift */ = {isa = PBXFileReference; lastKnownFileType = sourcecode.swift; path = "Data+Utils.swift"; sourceTree = "<group>"; };
		F3A46DED29DDAA4E004D4AD1 /* Array+Utils.swift */ = {isa = PBXFileReference; lastKnownFileType = sourcecode.swift; path = "Array+Utils.swift"; sourceTree = "<group>"; };
		F3A46DEF29DDAA87004D4AD1 /* URL+Utils.swift */ = {isa = PBXFileReference; lastKnownFileType = sourcecode.swift; path = "URL+Utils.swift"; sourceTree = "<group>"; };
/* End PBXFileReference section */

/* Begin PBXFrameworksBuildPhase section */
		2B35F72628DEAB17009EF9C9 /* Frameworks */ = {
			isa = PBXFrameworksBuildPhase;
			buildActionMask = 2147483647;
			files = (
				2BDB538B29384BCE00E38E77 /* APNSwift in Frameworks */,
				2B40F8B529DEEC1000E484FB /* AlertToast in Frameworks */,
			);
			runOnlyForDeploymentPostprocessing = 0;
		};
		2B64E94529E6B3160007B1D0 /* Frameworks */ = {
			isa = PBXFrameworksBuildPhase;
			buildActionMask = 2147483647;
			files = (
			);
			runOnlyForDeploymentPostprocessing = 0;
		};
/* End PBXFrameworksBuildPhase section */

/* Begin PBXGroup section */
		2B35F72028DEAB17009EF9C9 = {
			isa = PBXGroup;
			children = (
				F3A46DEA29DDAA26004D4AD1 /* Utils */,
				2B40F8A929DEE24700E484FB /* AppDelegate */,
				2B35F72B28DEAB17009EF9C9 /* APNs Helper */,
				2B64E95729E6B36A0007B1D0 /* APNs Helper Tester */,
				2B35F72A28DEAB17009EF9C9 /* Products */,
			);
			sourceTree = "<group>";
		};
		2B35F72A28DEAB17009EF9C9 /* Products */ = {
			isa = PBXGroup;
			children = (
				2B35F72928DEAB17009EF9C9 /* APNs Helper.app */,
				2B64E94829E6B3160007B1D0 /* APNs Helper Tester.app */,
			);
			name = Products;
			sourceTree = "<group>";
		};
		2B35F72B28DEAB17009EF9C9 /* APNs Helper */ = {
			isa = PBXGroup;
			children = (
				2B40FB3C29DFDABC00E484FB /* App */,
				2BA3E0AF28E54E55006DBCCC /* Database */,
				2BA3E0B028E54E82006DBCCC /* Models */,
				2B35F73828DEAB18009EF9C9 /* Preview Content */,
				2BA3E0B128E54E9D006DBCCC /* Resources */,
				2B64E98B29E6CD720007B1D0 /* Uitls */,
				2BA3E0AE28E54E4A006DBCCC /* Services */,
				2BA3DB6728E5415D006DBCCC /* Views */,
			);
			path = "APNs Helper";
			sourceTree = "<group>";
		};
		2B35F73828DEAB18009EF9C9 /* Preview Content */ = {
			isa = PBXGroup;
			children = (
				2B35F73928DEAB18009EF9C9 /* Preview Assets.xcassets */,
			);
			path = "Preview Content";
			sourceTree = "<group>";
		};
		2B40F8A929DEE24700E484FB /* AppDelegate */ = {
			isa = PBXGroup;
			children = (
				2B40F8AA29DEE25F00E484FB /* AppDelegate.swift */,
				2BE68FEC29E6A4720013237F /* PushKit&CallKit */,
				2BE68FF329E6A7BE0013237F /* UNUserNotification */,
			);
			path = AppDelegate;
			sourceTree = "<group>";
		};
		2B40FB3C29DFDABC00E484FB /* App */ = {
			isa = PBXGroup;
			children = (
				2B35F72C28DEAB17009EF9C9 /* App.swift */,
				2BBDDE7628E494440052DC28 /* AppContent.swift */,
				2B505E2729DD25B50010F62D /* AppContent+iOS.swift */,
				2B505E2929DD26230010F62D /* AppContent+macOS.swift */,
				2BA3E0B628E57D5A006DBCCC /* AppLogHandler.swift */,
				2B35F76C28DEAFCD009EF9C9 /* AppModel.swift */,
			);
			path = App;
			sourceTree = "<group>";
		};
		2B64E95729E6B36A0007B1D0 /* APNs Helper Tester */ = {
			isa = PBXGroup;
			children = (
				2B64E96829E6B5690007B1D0 /* APNs-Helper-Tester-Info.plist */,
				2B64E95829E6B36A0007B1D0 /* APNs Helper Tester.entitlements */,
				2B64E95A29E6B36A0007B1D0 /* Assets.xcassets */,
				2B64E95B29E6B36A0007B1D0 /* Preview Content */,
				2B64E95D29E6B36A0007B1D0 /* TesterApp.swift */,
				2B64E95E29E6B36A0007B1D0 /* TesterAppModel.swift */,
				2B64E95F29E6B36A0007B1D0 /* ContentView.swift */,
			);
			path = "APNs Helper Tester";
			sourceTree = "<group>";
		};
		2B64E95B29E6B36A0007B1D0 /* Preview Content */ = {
			isa = PBXGroup;
			children = (
				2B64E95C29E6B36A0007B1D0 /* Preview Assets.xcassets */,
			);
			path = "Preview Content";
			sourceTree = "<group>";
		};
		2B64E98B29E6CD720007B1D0 /* Uitls */ = {
			isa = PBXGroup;
			children = (
				F3A46DEB29DDAA41004D4AD1 /* Data+Utils.swift */,
				F3A46DED29DDAA4E004D4AD1 /* Array+Utils.swift */,
				F3A46DEF29DDAA87004D4AD1 /* URL+Utils.swift */,
				2B40E2AB29DE756500E484FB /* String+Utils.swift */,
			);
			path = Uitls;
			sourceTree = "<group>";
		};
		2BA3DB6728E5415D006DBCCC /* Views */ = {
			isa = PBXGroup;
			children = (
				2B35F73328DEAB17009EF9C9 /* ContentView.swift */,
				2BBDDE7828E49A770052DC28 /* InputView.swift */,
				2BA3E0B228E56040006DBCCC /* InputTextEditor.swift */,
			);
			path = Views;
			sourceTree = "<group>";
		};
		2BA3E0AE28E54E4A006DBCCC /* Services */ = {
			isa = PBXGroup;
			children = (
				2BBDDE7A28E4B0FF0052DC28 /* APNsService.swift */,
				2B5036EE29DAA8600010F62D /* APNsService+Simulator.swift */,
				2BD3323E28E7221200E27D2D /* APNsService+Template.swift */,
				2B586C5A28EAD4660067705A /* AppSandBox.swift */,
			);
			path = Services;
			sourceTree = "<group>";
		};
		2BA3E0AF28E54E55006DBCCC /* Database */ = {
			isa = PBXGroup;
			children = (
				2B35F72E28DEAB17009EF9C9 /* Persistence.swift */,
			);
			path = Database;
			sourceTree = "<group>";
		};
		2BA3E0B028E54E82006DBCCC /* Models */ = {
			isa = PBXGroup;
			children = (
				2B35F76A28DEAF56009EF9C9 /* Config.swift */,
				2B40F8A529DEE00E00E484FB /* Config+Utils.swift */,
			);
			path = Models;
			sourceTree = "<group>";
		};
		2BA3E0B128E54E9D006DBCCC /* Resources */ = {
			isa = PBXGroup;
			children = (
				2B35F73728DEAB18009EF9C9 /* APNs_Helper.entitlements */,
				2B35F73028DEAB17009EF9C9 /* APNs_Helper.xcdatamodeld */,
				2B40F8B229DEE6E100E484FB /* APNs-Helper-Info.plist */,
				2B35F73528DEAB18009EF9C9 /* Assets.xcassets */,
			);
			path = Resources;
			sourceTree = "<group>";
		};
		2BE68FEC29E6A4720013237F /* PushKit&CallKit */ = {
			isa = PBXGroup;
			children = (
				2BE68FED29E6A4AC0013237F /* PushKitManager.swift */,
				2BE68FEF29E6A4B30013237F /* CallKitManager.swift */,
				2BE68FF129E6A5D40013237F /* AppDelegate+PushKitCallKit.swift */,
			);
			path = "PushKit&CallKit";
			sourceTree = "<group>";
		};
		2BE68FF329E6A7BE0013237F /* UNUserNotification */ = {
			isa = PBXGroup;
			children = (
				2B40F8B029DEE2F700E484FB /* AppDelegate+UNUserNotification.swift */,
				2B64E97F29E6C78C0007B1D0 /* UNUserNotificationManager.swift */,
			);
			path = UNUserNotification;
			sourceTree = "<group>";
		};
		F3A46DEA29DDAA26004D4AD1 /* Utils */ = {
			isa = PBXGroup;
			children = (
				2B64E97A29E6BB950007B1D0 /* Data+Hex.swift */,
			);
			path = Utils;
			sourceTree = "<group>";
		};
/* End PBXGroup section */

/* Begin PBXNativeTarget section */
		2B35F72828DEAB17009EF9C9 /* APNs Helper */ = {
			isa = PBXNativeTarget;
			buildConfigurationList = 2B35F75328DEAB18009EF9C9 /* Build configuration list for PBXNativeTarget "APNs Helper" */;
			buildPhases = (
				2B35F72528DEAB17009EF9C9 /* Sources */,
				2B35F72628DEAB17009EF9C9 /* Frameworks */,
				2B35F72728DEAB17009EF9C9 /* Resources */,
			);
			buildRules = (
			);
			dependencies = (
			);
			name = "APNs Helper";
			packageProductDependencies = (
				2BDB538A29384BCE00E38E77 /* APNSwift */,
				2B40F8B429DEEC1000E484FB /* AlertToast */,
			);
			productName = "APNs Helper";
			productReference = 2B35F72928DEAB17009EF9C9 /* APNs Helper.app */;
			productType = "com.apple.product-type.application";
		};
		2B64E94729E6B3160007B1D0 /* APNs Helper Tester */ = {
			isa = PBXNativeTarget;
			buildConfigurationList = 2B64E95629E6B3170007B1D0 /* Build configuration list for PBXNativeTarget "APNs Helper Tester" */;
			buildPhases = (
				2B64E94429E6B3160007B1D0 /* Sources */,
				2B64E94529E6B3160007B1D0 /* Frameworks */,
				2B64E94629E6B3160007B1D0 /* Resources */,
			);
			buildRules = (
			);
			dependencies = (
			);
			name = "APNs Helper Tester";
			productName = "APNs Helper Tester";
			productReference = 2B64E94829E6B3160007B1D0 /* APNs Helper Tester.app */;
			productType = "com.apple.product-type.application";
		};
/* End PBXNativeTarget section */

/* Begin PBXProject section */
		2B35F72128DEAB17009EF9C9 /* Project object */ = {
			isa = PBXProject;
			attributes = {
				BuildIndependentTargetsInParallel = 1;
				LastSwiftUpdateCheck = 1430;
				LastUpgradeCheck = 1420;
				TargetAttributes = {
					2B35F72828DEAB17009EF9C9 = {
						CreatedOnToolsVersion = 14.0.1;
					};
					2B64E94729E6B3160007B1D0 = {
						CreatedOnToolsVersion = 14.3;
					};
				};
			};
			buildConfigurationList = 2B35F72428DEAB17009EF9C9 /* Build configuration list for PBXProject "APNs Helper" */;
			compatibilityVersion = "Xcode 14.0";
			developmentRegion = en;
			hasScannedForEncodings = 0;
			knownRegions = (
				en,
				Base,
			);
			mainGroup = 2B35F72028DEAB17009EF9C9;
			packageReferences = (
				2BDB538929384BCE00E38E77 /* XCRemoteSwiftPackageReference "APNSwift" */,
				2B40F8B329DEEC1000E484FB /* XCRemoteSwiftPackageReference "AlertToast" */,
			);
			productRefGroup = 2B35F72A28DEAB17009EF9C9 /* Products */;
			projectDirPath = "";
			projectRoot = "";
			targets = (
				2B35F72828DEAB17009EF9C9 /* APNs Helper */,
				2B64E94729E6B3160007B1D0 /* APNs Helper Tester */,
			);
		};
/* End PBXProject section */

/* Begin PBXResourcesBuildPhase section */
		2B35F72728DEAB17009EF9C9 /* Resources */ = {
			isa = PBXResourcesBuildPhase;
			buildActionMask = 2147483647;
			files = (
				2B35F73A28DEAB18009EF9C9 /* Preview Assets.xcassets in Resources */,
				2B35F73628DEAB18009EF9C9 /* Assets.xcassets in Resources */,
			);
			runOnlyForDeploymentPostprocessing = 0;
		};
		2B64E94629E6B3160007B1D0 /* Resources */ = {
			isa = PBXResourcesBuildPhase;
			buildActionMask = 2147483647;
			files = (
				2B64E96229E6B36A0007B1D0 /* Assets.xcassets in Resources */,
				2B64E96329E6B36A0007B1D0 /* Preview Assets.xcassets in Resources */,
			);
			runOnlyForDeploymentPostprocessing = 0;
		};
/* End PBXResourcesBuildPhase section */

/* Begin PBXSourcesBuildPhase section */
		2B35F72528DEAB17009EF9C9 /* Sources */ = {
			isa = PBXSourcesBuildPhase;
			buildActionMask = 2147483647;
			files = (
				2B35F72D28DEAB17009EF9C9 /* App.swift in Sources */,
				2B35F76D28DEAFCD009EF9C9 /* AppModel.swift in Sources */,
				2B586C5B28EAD4660067705A /* AppSandBox.swift in Sources */,
				2B64E97C29E6BBA70007B1D0 /* Data+Hex.swift in Sources */,
				2B5036EF29DAA8600010F62D /* APNsService+Simulator.swift in Sources */,
				2B64E97729E6BAC80007B1D0 /* AppDelegate+UNUserNotification.swift in Sources */,
				2B35F72F28DEAB17009EF9C9 /* Persistence.swift in Sources */,
				2B40E2AC29DE756500E484FB /* String+Utils.swift in Sources */,
				2B35F76B28DEAF56009EF9C9 /* Config.swift in Sources */,
				2B64E97829E6BAC80007B1D0 /* CallKitManager.swift in Sources */,
				2BBDDE7B28E4B0FF0052DC28 /* APNsService.swift in Sources */,
				2BBDDE7728E494440052DC28 /* AppContent.swift in Sources */,
				2BA3E0B328E56040006DBCCC /* InputTextEditor.swift in Sources */,
				2B64E97429E6BAC80007B1D0 /* PushKitManager.swift in Sources */,
				2BA3E0B728E57D5A006DBCCC /* AppLogHandler.swift in Sources */,
				2B40F8A629DEE00E00E484FB /* Config+Utils.swift in Sources */,
				F3A46DF029DDAA87004D4AD1 /* URL+Utils.swift in Sources */,
				F3A46DEC29DDAA41004D4AD1 /* Data+Utils.swift in Sources */,
				2BBDDE7928E49A770052DC28 /* InputView.swift in Sources */,
				2B505E2A29DD26230010F62D /* AppContent+macOS.swift in Sources */,
				2B35F73428DEAB17009EF9C9 /* ContentView.swift in Sources */,
				2B35F73228DEAB17009EF9C9 /* APNs_Helper.xcdatamodeld in Sources */,
				2B64E98029E6C78C0007B1D0 /* UNUserNotificationManager.swift in Sources */,
				2BD3323F28E7221200E27D2D /* APNsService+Template.swift in Sources */,
				2B64E97629E6BAC80007B1D0 /* AppDelegate+PushKitCallKit.swift in Sources */,
				2B505E2829DD25B50010F62D /* AppContent+iOS.swift in Sources */,
				F3A46DEE29DDAA4E004D4AD1 /* Array+Utils.swift in Sources */,
				2B64E97529E6BAC80007B1D0 /* AppDelegate.swift in Sources */,
			);
			runOnlyForDeploymentPostprocessing = 0;
		};
		2B64E94429E6B3160007B1D0 /* Sources */ = {
			isa = PBXSourcesBuildPhase;
			buildActionMask = 2147483647;
			files = (
				2B64E98129E6C8180007B1D0 /* UNUserNotificationManager.swift in Sources */,
				2B64E96A29E6BA590007B1D0 /* AppDelegate.swift in Sources */,
				2B64E98829E6CD690007B1D0 /* Data+Hex.swift in Sources */,
				2B64E96B29E6BA5E0007B1D0 /* AppDelegate+PushKitCallKit.swift in Sources */,
				2B64E96D29E6BA5E0007B1D0 /* CallKitManager.swift in Sources */,
				2B64E96C29E6BA5E0007B1D0 /* PushKitManager.swift in Sources */,
				2B64E96529E6B36A0007B1D0 /* TesterAppModel.swift in Sources */,
				2B64E96429E6B36A0007B1D0 /* TesterApp.swift in Sources */,
				2B64E96629E6B36A0007B1D0 /* ContentView.swift in Sources */,
				2B64E96929E6B9B10007B1D0 /* AppDelegate+UNUserNotification.swift in Sources */,
			);
			runOnlyForDeploymentPostprocessing = 0;
		};
/* End PBXSourcesBuildPhase section */

/* Begin XCBuildConfiguration section */
		2B35F75128DEAB18009EF9C9 /* Debug */ = {
			isa = XCBuildConfiguration;
			buildSettings = {
				ALWAYS_SEARCH_USER_PATHS = NO;
				CLANG_ANALYZER_NONNULL = YES;
				CLANG_ANALYZER_NUMBER_OBJECT_CONVERSION = YES_AGGRESSIVE;
				CLANG_CXX_LANGUAGE_STANDARD = "gnu++20";
				CLANG_ENABLE_MODULES = YES;
				CLANG_ENABLE_OBJC_ARC = YES;
				CLANG_ENABLE_OBJC_WEAK = YES;
				CLANG_WARN_BLOCK_CAPTURE_AUTORELEASING = YES;
				CLANG_WARN_BOOL_CONVERSION = YES;
				CLANG_WARN_COMMA = YES;
				CLANG_WARN_CONSTANT_CONVERSION = YES;
				CLANG_WARN_DEPRECATED_OBJC_IMPLEMENTATIONS = YES;
				CLANG_WARN_DIRECT_OBJC_ISA_USAGE = YES_ERROR;
				CLANG_WARN_DOCUMENTATION_COMMENTS = YES;
				CLANG_WARN_EMPTY_BODY = YES;
				CLANG_WARN_ENUM_CONVERSION = YES;
				CLANG_WARN_INFINITE_RECURSION = YES;
				CLANG_WARN_INT_CONVERSION = YES;
				CLANG_WARN_NON_LITERAL_NULL_CONVERSION = YES;
				CLANG_WARN_OBJC_IMPLICIT_RETAIN_SELF = YES;
				CLANG_WARN_OBJC_LITERAL_CONVERSION = YES;
				CLANG_WARN_OBJC_ROOT_CLASS = YES_ERROR;
				CLANG_WARN_QUOTED_INCLUDE_IN_FRAMEWORK_HEADER = YES;
				CLANG_WARN_RANGE_LOOP_ANALYSIS = YES;
				CLANG_WARN_STRICT_PROTOTYPES = YES;
				CLANG_WARN_SUSPICIOUS_MOVE = YES;
				CLANG_WARN_UNGUARDED_AVAILABILITY = YES_AGGRESSIVE;
				CLANG_WARN_UNREACHABLE_CODE = YES;
				CLANG_WARN__DUPLICATE_METHOD_MATCH = YES;
				COPY_PHASE_STRIP = NO;
				DEAD_CODE_STRIPPING = YES;
				DEBUG_INFORMATION_FORMAT = dwarf;
				ENABLE_STRICT_OBJC_MSGSEND = YES;
				ENABLE_TESTABILITY = YES;
				GCC_C_LANGUAGE_STANDARD = gnu11;
				GCC_DYNAMIC_NO_PIC = NO;
				GCC_NO_COMMON_BLOCKS = YES;
				GCC_OPTIMIZATION_LEVEL = 0;
				GCC_PREPROCESSOR_DEFINITIONS = (
					"DEBUG=1",
					"$(inherited)",
				);
				GCC_WARN_64_TO_32_BIT_CONVERSION = YES;
				GCC_WARN_ABOUT_RETURN_TYPE = YES_ERROR;
				GCC_WARN_UNDECLARED_SELECTOR = YES;
				GCC_WARN_UNINITIALIZED_AUTOS = YES_AGGRESSIVE;
				GCC_WARN_UNUSED_FUNCTION = YES;
				GCC_WARN_UNUSED_VARIABLE = YES;
				IPHONEOS_DEPLOYMENT_TARGET = 16.0;
				MACOSX_DEPLOYMENT_TARGET = 13.0;
				MTL_ENABLE_DEBUG_INFO = INCLUDE_SOURCE;
				MTL_FAST_MATH = YES;
				ONLY_ACTIVE_ARCH = YES;
				SWIFT_ACTIVE_COMPILATION_CONDITIONS = DEBUG;
				SWIFT_OPTIMIZATION_LEVEL = "-Onone";
			};
			name = Debug;
		};
		2B35F75228DEAB18009EF9C9 /* Release */ = {
			isa = XCBuildConfiguration;
			buildSettings = {
				ALWAYS_SEARCH_USER_PATHS = NO;
				CLANG_ANALYZER_NONNULL = YES;
				CLANG_ANALYZER_NUMBER_OBJECT_CONVERSION = YES_AGGRESSIVE;
				CLANG_CXX_LANGUAGE_STANDARD = "gnu++20";
				CLANG_ENABLE_MODULES = YES;
				CLANG_ENABLE_OBJC_ARC = YES;
				CLANG_ENABLE_OBJC_WEAK = YES;
				CLANG_WARN_BLOCK_CAPTURE_AUTORELEASING = YES;
				CLANG_WARN_BOOL_CONVERSION = YES;
				CLANG_WARN_COMMA = YES;
				CLANG_WARN_CONSTANT_CONVERSION = YES;
				CLANG_WARN_DEPRECATED_OBJC_IMPLEMENTATIONS = YES;
				CLANG_WARN_DIRECT_OBJC_ISA_USAGE = YES_ERROR;
				CLANG_WARN_DOCUMENTATION_COMMENTS = YES;
				CLANG_WARN_EMPTY_BODY = YES;
				CLANG_WARN_ENUM_CONVERSION = YES;
				CLANG_WARN_INFINITE_RECURSION = YES;
				CLANG_WARN_INT_CONVERSION = YES;
				CLANG_WARN_NON_LITERAL_NULL_CONVERSION = YES;
				CLANG_WARN_OBJC_IMPLICIT_RETAIN_SELF = YES;
				CLANG_WARN_OBJC_LITERAL_CONVERSION = YES;
				CLANG_WARN_OBJC_ROOT_CLASS = YES_ERROR;
				CLANG_WARN_QUOTED_INCLUDE_IN_FRAMEWORK_HEADER = YES;
				CLANG_WARN_RANGE_LOOP_ANALYSIS = YES;
				CLANG_WARN_STRICT_PROTOTYPES = YES;
				CLANG_WARN_SUSPICIOUS_MOVE = YES;
				CLANG_WARN_UNGUARDED_AVAILABILITY = YES_AGGRESSIVE;
				CLANG_WARN_UNREACHABLE_CODE = YES;
				CLANG_WARN__DUPLICATE_METHOD_MATCH = YES;
				COPY_PHASE_STRIP = NO;
				DEAD_CODE_STRIPPING = YES;
				DEBUG_INFORMATION_FORMAT = "dwarf-with-dsym";
				ENABLE_NS_ASSERTIONS = NO;
				ENABLE_STRICT_OBJC_MSGSEND = YES;
				GCC_C_LANGUAGE_STANDARD = gnu11;
				GCC_NO_COMMON_BLOCKS = YES;
				GCC_WARN_64_TO_32_BIT_CONVERSION = YES;
				GCC_WARN_ABOUT_RETURN_TYPE = YES_ERROR;
				GCC_WARN_UNDECLARED_SELECTOR = YES;
				GCC_WARN_UNINITIALIZED_AUTOS = YES_AGGRESSIVE;
				GCC_WARN_UNUSED_FUNCTION = YES;
				GCC_WARN_UNUSED_VARIABLE = YES;
				IPHONEOS_DEPLOYMENT_TARGET = 16.0;
				MACOSX_DEPLOYMENT_TARGET = 13.0;
				MTL_ENABLE_DEBUG_INFO = NO;
				MTL_FAST_MATH = YES;
				SWIFT_COMPILATION_MODE = wholemodule;
				SWIFT_OPTIMIZATION_LEVEL = "-O";
			};
			name = Release;
		};
		2B35F75428DEAB18009EF9C9 /* Debug */ = {
			isa = XCBuildConfiguration;
			buildSettings = {
				ASSETCATALOG_COMPILER_APPICON_NAME = AppIcon;
				ASSETCATALOG_COMPILER_GLOBAL_ACCENT_COLOR_NAME = AccentColor;
				CODE_SIGN_ENTITLEMENTS = "APNs Helper/Resources/APNs_Helper.entitlements";
				CODE_SIGN_IDENTITY = "-";
				"CODE_SIGN_IDENTITY[sdk=iphoneos*]" = "Apple Development";
				"CODE_SIGN_IDENTITY[sdk=macosx*]" = "Apple Development";
				CODE_SIGN_STYLE = Automatic;
				CURRENT_PROJECT_VERSION = 1;
				DEAD_CODE_STRIPPING = YES;
				DEVELOPMENT_ASSET_PATHS = "\"APNs Helper/Preview Content\"";
				DEVELOPMENT_TEAM = 2N62934Y28;
				ENABLE_HARDENED_RUNTIME = YES;
				ENABLE_PREVIEWS = YES;
				GENERATE_INFOPLIST_FILE = YES;
				INFOPLIST_FILE = "APNs Helper/Resources/APNs-Helper-Info.plist";
				INFOPLIST_KEY_LSApplicationCategoryType = "public.app-category.developer-tools";
				"INFOPLIST_KEY_UIApplicationSceneManifest_Generation[sdk=iphoneos*]" = YES;
				"INFOPLIST_KEY_UIApplicationSceneManifest_Generation[sdk=iphonesimulator*]" = YES;
				"INFOPLIST_KEY_UIApplicationSupportsIndirectInputEvents[sdk=iphoneos*]" = YES;
				"INFOPLIST_KEY_UIApplicationSupportsIndirectInputEvents[sdk=iphonesimulator*]" = YES;
				"INFOPLIST_KEY_UILaunchScreen_Generation[sdk=iphoneos*]" = YES;
				"INFOPLIST_KEY_UILaunchScreen_Generation[sdk=iphonesimulator*]" = YES;
				"INFOPLIST_KEY_UIStatusBarStyle[sdk=iphoneos*]" = UIStatusBarStyleDefault;
				"INFOPLIST_KEY_UIStatusBarStyle[sdk=iphonesimulator*]" = UIStatusBarStyleDefault;
				INFOPLIST_KEY_UISupportedInterfaceOrientations_iPad = "UIInterfaceOrientationPortrait UIInterfaceOrientationPortraitUpsideDown UIInterfaceOrientationLandscapeLeft UIInterfaceOrientationLandscapeRight";
				INFOPLIST_KEY_UISupportedInterfaceOrientations_iPhone = "UIInterfaceOrientationPortrait UIInterfaceOrientationLandscapeLeft UIInterfaceOrientationLandscapeRight";
				IPHONEOS_DEPLOYMENT_TARGET = 16.0;
				LD_RUNPATH_SEARCH_PATHS = "@executable_path/Frameworks";
				"LD_RUNPATH_SEARCH_PATHS[sdk=macosx*]" = "@executable_path/../Frameworks";
				MACOSX_DEPLOYMENT_TARGET = 13.0;
				MARKETING_VERSION = 2.0;
				OTHER_SWIFT_FLAGS = "-DENABLE_VOIP";
				PRODUCT_BUNDLE_IDENTIFIER = com.joker.APNsHelper;
				PRODUCT_NAME = "$(TARGET_NAME)";
				SDKROOT = auto;
				SUPPORTED_PLATFORMS = "iphoneos iphonesimulator macosx";
				SUPPORTS_MACCATALYST = NO;
				SUPPORTS_MAC_DESIGNED_FOR_IPHONE_IPAD = NO;
				SWIFT_EMIT_LOC_STRINGS = YES;
				SWIFT_VERSION = 5.0;
				TARGETED_DEVICE_FAMILY = "1,2";
			};
			name = Debug;
		};
		2B35F75528DEAB18009EF9C9 /* Release */ = {
			isa = XCBuildConfiguration;
			buildSettings = {
				ASSETCATALOG_COMPILER_APPICON_NAME = AppIcon;
				ASSETCATALOG_COMPILER_GLOBAL_ACCENT_COLOR_NAME = AccentColor;
				CODE_SIGN_ENTITLEMENTS = "APNs Helper/Resources/APNs_Helper.entitlements";
				CODE_SIGN_IDENTITY = "-";
				"CODE_SIGN_IDENTITY[sdk=iphoneos*]" = "Apple Development";
				"CODE_SIGN_IDENTITY[sdk=macosx*]" = "Apple Development";
				CODE_SIGN_STYLE = Automatic;
				CURRENT_PROJECT_VERSION = 1;
				DEAD_CODE_STRIPPING = YES;
				DEVELOPMENT_ASSET_PATHS = "\"APNs Helper/Preview Content\"";
				DEVELOPMENT_TEAM = 2N62934Y28;
				ENABLE_HARDENED_RUNTIME = YES;
				ENABLE_PREVIEWS = YES;
				GENERATE_INFOPLIST_FILE = YES;
				INFOPLIST_FILE = "APNs Helper/Resources/APNs-Helper-Info.plist";
				INFOPLIST_KEY_LSApplicationCategoryType = "public.app-category.developer-tools";
				"INFOPLIST_KEY_UIApplicationSceneManifest_Generation[sdk=iphoneos*]" = YES;
				"INFOPLIST_KEY_UIApplicationSceneManifest_Generation[sdk=iphonesimulator*]" = YES;
				"INFOPLIST_KEY_UIApplicationSupportsIndirectInputEvents[sdk=iphoneos*]" = YES;
				"INFOPLIST_KEY_UIApplicationSupportsIndirectInputEvents[sdk=iphonesimulator*]" = YES;
				"INFOPLIST_KEY_UILaunchScreen_Generation[sdk=iphoneos*]" = YES;
				"INFOPLIST_KEY_UILaunchScreen_Generation[sdk=iphonesimulator*]" = YES;
				"INFOPLIST_KEY_UIStatusBarStyle[sdk=iphoneos*]" = UIStatusBarStyleDefault;
				"INFOPLIST_KEY_UIStatusBarStyle[sdk=iphonesimulator*]" = UIStatusBarStyleDefault;
				INFOPLIST_KEY_UISupportedInterfaceOrientations_iPad = "UIInterfaceOrientationPortrait UIInterfaceOrientationPortraitUpsideDown UIInterfaceOrientationLandscapeLeft UIInterfaceOrientationLandscapeRight";
				INFOPLIST_KEY_UISupportedInterfaceOrientations_iPhone = "UIInterfaceOrientationPortrait UIInterfaceOrientationLandscapeLeft UIInterfaceOrientationLandscapeRight";
				IPHONEOS_DEPLOYMENT_TARGET = 16.0;
				LD_RUNPATH_SEARCH_PATHS = "@executable_path/Frameworks";
				"LD_RUNPATH_SEARCH_PATHS[sdk=macosx*]" = "@executable_path/../Frameworks";
				MACOSX_DEPLOYMENT_TARGET = 13.0;
				MARKETING_VERSION = 2.0;
				PRODUCT_BUNDLE_IDENTIFIER = com.joker.APNsHelper;
				PRODUCT_NAME = "$(TARGET_NAME)";
				SDKROOT = auto;
				SUPPORTED_PLATFORMS = "iphoneos iphonesimulator macosx";
				SUPPORTS_MACCATALYST = NO;
				SUPPORTS_MAC_DESIGNED_FOR_IPHONE_IPAD = NO;
				SWIFT_EMIT_LOC_STRINGS = YES;
				SWIFT_VERSION = 5.0;
				TARGETED_DEVICE_FAMILY = "1,2";
			};
			name = Release;
		};
		2B64E95429E6B3170007B1D0 /* Debug */ = {
			isa = XCBuildConfiguration;
			buildSettings = {
				ASSETCATALOG_COMPILER_APPICON_NAME = AppIcon;
				ASSETCATALOG_COMPILER_GLOBAL_ACCENT_COLOR_NAME = AccentColor;
				CODE_SIGN_ENTITLEMENTS = "APNs Helper Tester/APNs Helper Tester.entitlements";
				CODE_SIGN_STYLE = Automatic;
				CURRENT_PROJECT_VERSION = 1;
				DEVELOPMENT_ASSET_PATHS = "\"APNs Helper Tester/Preview Content\"";
				DEVELOPMENT_TEAM = 2N62934Y28;
				ENABLE_HARDENED_RUNTIME = YES;
				ENABLE_PREVIEWS = YES;
				GENERATE_INFOPLIST_FILE = YES;
				INFOPLIST_FILE = "APNs-Helper-Tester-Info.plist";
				INFOPLIST_KEY_CFBundleDisplayName = "Tester App";
				"INFOPLIST_KEY_UIApplicationSceneManifest_Generation[sdk=iphoneos*]" = YES;
				"INFOPLIST_KEY_UIApplicationSceneManifest_Generation[sdk=iphonesimulator*]" = YES;
				"INFOPLIST_KEY_UIApplicationSupportsIndirectInputEvents[sdk=iphoneos*]" = YES;
				"INFOPLIST_KEY_UIApplicationSupportsIndirectInputEvents[sdk=iphonesimulator*]" = YES;
				"INFOPLIST_KEY_UILaunchScreen_Generation[sdk=iphoneos*]" = YES;
				"INFOPLIST_KEY_UILaunchScreen_Generation[sdk=iphonesimulator*]" = YES;
				"INFOPLIST_KEY_UIStatusBarStyle[sdk=iphoneos*]" = UIStatusBarStyleDefault;
				"INFOPLIST_KEY_UIStatusBarStyle[sdk=iphonesimulator*]" = UIStatusBarStyleDefault;
				INFOPLIST_KEY_UISupportedInterfaceOrientations_iPad = "UIInterfaceOrientationPortrait UIInterfaceOrientationPortraitUpsideDown UIInterfaceOrientationLandscapeLeft UIInterfaceOrientationLandscapeRight";
				INFOPLIST_KEY_UISupportedInterfaceOrientations_iPhone = "UIInterfaceOrientationPortrait UIInterfaceOrientationLandscapeLeft UIInterfaceOrientationLandscapeRight";
				IPHONEOS_DEPLOYMENT_TARGET = 16.4;
				LD_RUNPATH_SEARCH_PATHS = "@executable_path/Frameworks";
				"LD_RUNPATH_SEARCH_PATHS[sdk=macosx*]" = "@executable_path/../Frameworks";
				MACOSX_DEPLOYMENT_TARGET = 13.3;
				MARKETING_VERSION = 1.0;
				OTHER_SWIFT_FLAGS = "-DENABLE_VOIP";
				PRODUCT_BUNDLE_IDENTIFIER = com.joker.APNsHelper.tester;
				PRODUCT_NAME = "$(TARGET_NAME)";
				SDKROOT = auto;
				SUPPORTED_PLATFORMS = "iphoneos iphonesimulator";
				SUPPORTS_MACCATALYST = NO;
				SUPPORTS_MAC_DESIGNED_FOR_IPHONE_IPAD = NO;
				SWIFT_EMIT_LOC_STRINGS = YES;
				SWIFT_VERSION = 5.0;
				TARGETED_DEVICE_FAMILY = "1,2";
			};
			name = Debug;
		};
		2B64E95529E6B3170007B1D0 /* Release */ = {
			isa = XCBuildConfiguration;
			buildSettings = {
				ASSETCATALOG_COMPILER_APPICON_NAME = AppIcon;
				ASSETCATALOG_COMPILER_GLOBAL_ACCENT_COLOR_NAME = AccentColor;
				CODE_SIGN_ENTITLEMENTS = "APNs Helper Tester/APNs Helper Tester.entitlements";
				CODE_SIGN_STYLE = Automatic;
				CURRENT_PROJECT_VERSION = 1;
				DEVELOPMENT_ASSET_PATHS = "\"APNs Helper Tester/Preview Content\"";
				DEVELOPMENT_TEAM = 2N62934Y28;
				ENABLE_HARDENED_RUNTIME = YES;
				ENABLE_PREVIEWS = YES;
				GENERATE_INFOPLIST_FILE = YES;
				INFOPLIST_FILE = "APNs-Helper-Tester-Info.plist";
				INFOPLIST_KEY_CFBundleDisplayName = "Tester App";
				"INFOPLIST_KEY_UIApplicationSceneManifest_Generation[sdk=iphoneos*]" = YES;
				"INFOPLIST_KEY_UIApplicationSceneManifest_Generation[sdk=iphonesimulator*]" = YES;
				"INFOPLIST_KEY_UIApplicationSupportsIndirectInputEvents[sdk=iphoneos*]" = YES;
				"INFOPLIST_KEY_UIApplicationSupportsIndirectInputEvents[sdk=iphonesimulator*]" = YES;
				"INFOPLIST_KEY_UILaunchScreen_Generation[sdk=iphoneos*]" = YES;
				"INFOPLIST_KEY_UILaunchScreen_Generation[sdk=iphonesimulator*]" = YES;
				"INFOPLIST_KEY_UIStatusBarStyle[sdk=iphoneos*]" = UIStatusBarStyleDefault;
				"INFOPLIST_KEY_UIStatusBarStyle[sdk=iphonesimulator*]" = UIStatusBarStyleDefault;
				INFOPLIST_KEY_UISupportedInterfaceOrientations_iPad = "UIInterfaceOrientationPortrait UIInterfaceOrientationPortraitUpsideDown UIInterfaceOrientationLandscapeLeft UIInterfaceOrientationLandscapeRight";
				INFOPLIST_KEY_UISupportedInterfaceOrientations_iPhone = "UIInterfaceOrientationPortrait UIInterfaceOrientationLandscapeLeft UIInterfaceOrientationLandscapeRight";
				IPHONEOS_DEPLOYMENT_TARGET = 16.4;
				LD_RUNPATH_SEARCH_PATHS = "@executable_path/Frameworks";
				"LD_RUNPATH_SEARCH_PATHS[sdk=macosx*]" = "@executable_path/../Frameworks";
				MACOSX_DEPLOYMENT_TARGET = 13.3;
				MARKETING_VERSION = 1.0;
				OTHER_SWIFT_FLAGS = "-DENABLE_VOIP";
				PRODUCT_BUNDLE_IDENTIFIER = com.joker.APNsHelper.tester;
				PRODUCT_NAME = "$(TARGET_NAME)";
				SDKROOT = auto;
				SUPPORTED_PLATFORMS = "iphoneos iphonesimulator";
				SUPPORTS_MACCATALYST = NO;
				SUPPORTS_MAC_DESIGNED_FOR_IPHONE_IPAD = NO;
				SWIFT_EMIT_LOC_STRINGS = YES;
				SWIFT_VERSION = 5.0;
				TARGETED_DEVICE_FAMILY = "1,2";
			};
			name = Release;
		};
/* End XCBuildConfiguration section */

/* Begin XCConfigurationList section */
		2B35F72428DEAB17009EF9C9 /* Build configuration list for PBXProject "APNs Helper" */ = {
			isa = XCConfigurationList;
			buildConfigurations = (
				2B35F75128DEAB18009EF9C9 /* Debug */,
				2B35F75228DEAB18009EF9C9 /* Release */,
			);
			defaultConfigurationIsVisible = 0;
			defaultConfigurationName = Release;
		};
		2B35F75328DEAB18009EF9C9 /* Build configuration list for PBXNativeTarget "APNs Helper" */ = {
			isa = XCConfigurationList;
			buildConfigurations = (
				2B35F75428DEAB18009EF9C9 /* Debug */,
				2B35F75528DEAB18009EF9C9 /* Release */,
			);
			defaultConfigurationIsVisible = 0;
			defaultConfigurationName = Release;
		};
		2B64E95629E6B3170007B1D0 /* Build configuration list for PBXNativeTarget "APNs Helper Tester" */ = {
			isa = XCConfigurationList;
			buildConfigurations = (
				2B64E95429E6B3170007B1D0 /* Debug */,
				2B64E95529E6B3170007B1D0 /* Release */,
			);
			defaultConfigurationIsVisible = 0;
			defaultConfigurationName = Release;
		};
/* End XCConfigurationList section */

/* Begin XCRemoteSwiftPackageReference section */
		2B40F8B329DEEC1000E484FB /* XCRemoteSwiftPackageReference "AlertToast" */ = {
			isa = XCRemoteSwiftPackageReference;
			repositoryURL = "https://github.com/elai950/AlertToast.git";
			requirement = {
				kind = upToNextMajorVersion;
				minimumVersion = 1.0.0;
			};
		};
		2BDB538929384BCE00E38E77 /* XCRemoteSwiftPackageReference "APNSwift" */ = {
			isa = XCRemoteSwiftPackageReference;
			repositoryURL = "https://github.com/swift-server-community/APNSwift.git";
			requirement = {
				kind = exactVersion;
				version = "5.0.0-beta.2";
			};
		};
/* End XCRemoteSwiftPackageReference section */

/* Begin XCSwiftPackageProductDependency section */
		2B40F8B429DEEC1000E484FB /* AlertToast */ = {
			isa = XCSwiftPackageProductDependency;
			package = 2B40F8B329DEEC1000E484FB /* XCRemoteSwiftPackageReference "AlertToast" */;
			productName = AlertToast;
		};
		2BDB538A29384BCE00E38E77 /* APNSwift */ = {
			isa = XCSwiftPackageProductDependency;
			package = 2BDB538929384BCE00E38E77 /* XCRemoteSwiftPackageReference "APNSwift" */;
			productName = APNSwift;
		};
/* End XCSwiftPackageProductDependency section */

/* Begin XCVersionGroup section */
		2B35F73028DEAB17009EF9C9 /* APNs_Helper.xcdatamodeld */ = {
			isa = XCVersionGroup;
			children = (
				2B35F73128DEAB17009EF9C9 /* APNs_Helper.xcdatamodel */,
			);
			currentVersion = 2B35F73128DEAB17009EF9C9 /* APNs_Helper.xcdatamodel */;
			path = APNs_Helper.xcdatamodeld;
			sourceTree = "<group>";
			versionGroupType = wrapper.xcdatamodel;
		};
/* End XCVersionGroup section */
	};
	rootObject = 2B35F72128DEAB17009EF9C9 /* Project object */;
}
