// !$*UTF8*$!
{
	archiveVersion = 1;
	classes = {
	};
	objectVersion = 56;
	objects = {

/* Begin PBXBuildFile section */
		2B35F72D28DEAB17009EF9C9 /* App.swift in Sources */ = {isa = PBXBuildFile; fileRef = 2B35F72C28DEAB17009EF9C9 /* App.swift */; };
		2B35F72F28DEAB17009EF9C9 /* Persistence.swift in Sources */ = {isa = PBXBuildFile; fileRef = 2B35F72E28DEAB17009EF9C9 /* Persistence.swift */; };
		2B35F73228DEAB17009EF9C9 /* APNs_Helper.xcdatamodeld in Sources */ = {isa = PBXBuildFile; fileRef = 2B35F73028DEAB17009EF9C9 /* APNs_Helper.xcdatamodeld */; };
		2B35F73428DEAB17009EF9C9 /* ContentView.swift in Sources */ = {isa = PBXBuildFile; fileRef = 2B35F73328DEAB17009EF9C9 /* ContentView.swift */; };
		2B35F73628DEAB18009EF9C9 /* Assets.xcassets in Resources */ = {isa = PBXBuildFile; fileRef = 2B35F73528DEAB18009EF9C9 /* Assets.xcassets */; };
		2B35F73A28DEAB18009EF9C9 /* Preview Assets.xcassets in Resources */ = {isa = PBXBuildFile; fileRef = 2B35F73928DEAB18009EF9C9 /* Preview Assets.xcassets */; };
		2B35F74428DEAB18009EF9C9 /* APNs_HelperTests.swift in Sources */ = {isa = PBXBuildFile; fileRef = 2B35F74328DEAB18009EF9C9 /* APNs_HelperTests.swift */; };
		2B35F74E28DEAB18009EF9C9 /* APNs_HelperUITests.swift in Sources */ = {isa = PBXBuildFile; fileRef = 2B35F74D28DEAB18009EF9C9 /* APNs_HelperUITests.swift */; };
		2B35F75028DEAB18009EF9C9 /* APNs_HelperUITestsLaunchTests.swift in Sources */ = {isa = PBXBuildFile; fileRef = 2B35F74F28DEAB18009EF9C9 /* APNs_HelperUITestsLaunchTests.swift */; };
		2B35F76928DEADE6009EF9C9 /* APNSwift in Frameworks */ = {isa = PBXBuildFile; productRef = 2B35F76828DEADE6009EF9C9 /* APNSwift */; };
		2B35F76B28DEAF56009EF9C9 /* Config.swift in Sources */ = {isa = PBXBuildFile; fileRef = 2B35F76A28DEAF56009EF9C9 /* Config.swift */; };
		2B35F76D28DEAFCD009EF9C9 /* AppModel.swift in Sources */ = {isa = PBXBuildFile; fileRef = 2B35F76C28DEAFCD009EF9C9 /* AppModel.swift */; };
		2BBDDE7728E494440052DC28 /* AppContent.swift in Sources */ = {isa = PBXBuildFile; fileRef = 2BBDDE7628E494440052DC28 /* AppContent.swift */; };
		2BBDDE7928E49A770052DC28 /* InputView.swift in Sources */ = {isa = PBXBuildFile; fileRef = 2BBDDE7828E49A770052DC28 /* InputView.swift */; };
		2BBDDE7B28E4B0FF0052DC28 /* APNsService.swift in Sources */ = {isa = PBXBuildFile; fileRef = 2BBDDE7A28E4B0FF0052DC28 /* APNsService.swift */; };
/* End PBXBuildFile section */

/* Begin PBXContainerItemProxy section */
		2B35F74028DEAB18009EF9C9 /* PBXContainerItemProxy */ = {
			isa = PBXContainerItemProxy;
			containerPortal = 2B35F72128DEAB17009EF9C9 /* Project object */;
			proxyType = 1;
			remoteGlobalIDString = 2B35F72828DEAB17009EF9C9;
			remoteInfo = "APNs Helper";
		};
		2B35F74A28DEAB18009EF9C9 /* PBXContainerItemProxy */ = {
			isa = PBXContainerItemProxy;
			containerPortal = 2B35F72128DEAB17009EF9C9 /* Project object */;
			proxyType = 1;
			remoteGlobalIDString = 2B35F72828DEAB17009EF9C9;
			remoteInfo = "APNs Helper";
		};
/* End PBXContainerItemProxy section */

/* Begin PBXFileReference section */
		2B35F72928DEAB17009EF9C9 /* APNs Helper.app */ = {isa = PBXFileReference; explicitFileType = wrapper.application; includeInIndex = 0; path = "APNs Helper.app"; sourceTree = BUILT_PRODUCTS_DIR; };
		2B35F72C28DEAB17009EF9C9 /* App.swift */ = {isa = PBXFileReference; lastKnownFileType = sourcecode.swift; path = App.swift; sourceTree = "<group>"; };
		2B35F72E28DEAB17009EF9C9 /* Persistence.swift */ = {isa = PBXFileReference; lastKnownFileType = sourcecode.swift; path = Persistence.swift; sourceTree = "<group>"; };
		2B35F73128DEAB17009EF9C9 /* APNs_Helper.xcdatamodel */ = {isa = PBXFileReference; lastKnownFileType = wrapper.xcdatamodel; path = APNs_Helper.xcdatamodel; sourceTree = "<group>"; };
		2B35F73328DEAB17009EF9C9 /* ContentView.swift */ = {isa = PBXFileReference; lastKnownFileType = sourcecode.swift; path = ContentView.swift; sourceTree = "<group>"; };
		2B35F73528DEAB18009EF9C9 /* Assets.xcassets */ = {isa = PBXFileReference; lastKnownFileType = folder.assetcatalog; path = Assets.xcassets; sourceTree = "<group>"; };
		2B35F73728DEAB18009EF9C9 /* APNs_Helper.entitlements */ = {isa = PBXFileReference; lastKnownFileType = text.plist.entitlements; path = APNs_Helper.entitlements; sourceTree = "<group>"; };
		2B35F73928DEAB18009EF9C9 /* Preview Assets.xcassets */ = {isa = PBXFileReference; lastKnownFileType = folder.assetcatalog; path = "Preview Assets.xcassets"; sourceTree = "<group>"; };
		2B35F73F28DEAB18009EF9C9 /* APNs HelperTests.xctest */ = {isa = PBXFileReference; explicitFileType = wrapper.cfbundle; includeInIndex = 0; path = "APNs HelperTests.xctest"; sourceTree = BUILT_PRODUCTS_DIR; };
		2B35F74328DEAB18009EF9C9 /* APNs_HelperTests.swift */ = {isa = PBXFileReference; lastKnownFileType = sourcecode.swift; path = APNs_HelperTests.swift; sourceTree = "<group>"; };
		2B35F74928DEAB18009EF9C9 /* APNs HelperUITests.xctest */ = {isa = PBXFileReference; explicitFileType = wrapper.cfbundle; includeInIndex = 0; path = "APNs HelperUITests.xctest"; sourceTree = BUILT_PRODUCTS_DIR; };
		2B35F74D28DEAB18009EF9C9 /* APNs_HelperUITests.swift */ = {isa = PBXFileReference; lastKnownFileType = sourcecode.swift; path = APNs_HelperUITests.swift; sourceTree = "<group>"; };
		2B35F74F28DEAB18009EF9C9 /* APNs_HelperUITestsLaunchTests.swift */ = {isa = PBXFileReference; lastKnownFileType = sourcecode.swift; path = APNs_HelperUITestsLaunchTests.swift; sourceTree = "<group>"; };
		2B35F76A28DEAF56009EF9C9 /* Config.swift */ = {isa = PBXFileReference; lastKnownFileType = sourcecode.swift; path = Config.swift; sourceTree = "<group>"; };
		2B35F76C28DEAFCD009EF9C9 /* AppModel.swift */ = {isa = PBXFileReference; lastKnownFileType = sourcecode.swift; path = AppModel.swift; sourceTree = "<group>"; };
		2BBDDE7628E494440052DC28 /* AppContent.swift */ = {isa = PBXFileReference; lastKnownFileType = sourcecode.swift; path = AppContent.swift; sourceTree = "<group>"; };
		2BBDDE7828E49A770052DC28 /* InputView.swift */ = {isa = PBXFileReference; lastKnownFileType = sourcecode.swift; path = InputView.swift; sourceTree = "<group>"; };
		2BBDDE7A28E4B0FF0052DC28 /* APNsService.swift */ = {isa = PBXFileReference; lastKnownFileType = sourcecode.swift; path = APNsService.swift; sourceTree = "<group>"; };
/* End PBXFileReference section */

/* Begin PBXFrameworksBuildPhase section */
		2B35F72628DEAB17009EF9C9 /* Frameworks */ = {
			isa = PBXFrameworksBuildPhase;
			buildActionMask = 2147483647;
			files = (
				2B35F76928DEADE6009EF9C9 /* APNSwift in Frameworks */,
			);
			runOnlyForDeploymentPostprocessing = 0;
		};
		2B35F73C28DEAB18009EF9C9 /* Frameworks */ = {
			isa = PBXFrameworksBuildPhase;
			buildActionMask = 2147483647;
			files = (
			);
			runOnlyForDeploymentPostprocessing = 0;
		};
		2B35F74628DEAB18009EF9C9 /* Frameworks */ = {
			isa = PBXFrameworksBuildPhase;
			buildActionMask = 2147483647;
			files = (
			);
			runOnlyForDeploymentPostprocessing = 0;
		};
/* End PBXFrameworksBuildPhase section */

/* Begin PBXGroup section */
		2B35F72028DEAB17009EF9C9 = {
			isa = PBXGroup;
			children = (
				2B35F72B28DEAB17009EF9C9 /* APNs Helper */,
				2B35F74228DEAB18009EF9C9 /* APNs HelperTests */,
				2B35F74C28DEAB18009EF9C9 /* APNs HelperUITests */,
				2B35F72A28DEAB17009EF9C9 /* Products */,
			);
			sourceTree = "<group>";
		};
		2B35F72A28DEAB17009EF9C9 /* Products */ = {
			isa = PBXGroup;
			children = (
				2B35F72928DEAB17009EF9C9 /* APNs Helper.app */,
				2B35F73F28DEAB18009EF9C9 /* APNs HelperTests.xctest */,
				2B35F74928DEAB18009EF9C9 /* APNs HelperUITests.xctest */,
			);
			name = Products;
			sourceTree = "<group>";
		};
		2B35F72B28DEAB17009EF9C9 /* APNs Helper */ = {
			isa = PBXGroup;
			children = (
				2B35F72C28DEAB17009EF9C9 /* App.swift */,
				2BBDDE7628E494440052DC28 /* AppContent.swift */,
				2BBDDE7828E49A770052DC28 /* InputView.swift */,
				2B35F76C28DEAFCD009EF9C9 /* AppModel.swift */,
				2BBDDE7A28E4B0FF0052DC28 /* APNsService.swift */,
				2B35F72E28DEAB17009EF9C9 /* Persistence.swift */,
				2B35F73328DEAB17009EF9C9 /* ContentView.swift */,
				2B35F76A28DEAF56009EF9C9 /* Config.swift */,
				2B35F73528DEAB18009EF9C9 /* Assets.xcassets */,
				2B35F73728DEAB18009EF9C9 /* APNs_Helper.entitlements */,
				2B35F73028DEAB17009EF9C9 /* APNs_Helper.xcdatamodeld */,
				2B35F73828DEAB18009EF9C9 /* Preview Content */,
			);
			path = "APNs Helper";
			sourceTree = "<group>";
		};
		2B35F73828DEAB18009EF9C9 /* Preview Content */ = {
			isa = PBXGroup;
			children = (
				2B35F73928DEAB18009EF9C9 /* Preview Assets.xcassets */,
			);
			path = "Preview Content";
			sourceTree = "<group>";
		};
		2B35F74228DEAB18009EF9C9 /* APNs HelperTests */ = {
			isa = PBXGroup;
			children = (
				2B35F74328DEAB18009EF9C9 /* APNs_HelperTests.swift */,
			);
			path = "APNs HelperTests";
			sourceTree = "<group>";
		};
		2B35F74C28DEAB18009EF9C9 /* APNs HelperUITests */ = {
			isa = PBXGroup;
			children = (
				2B35F74D28DEAB18009EF9C9 /* APNs_HelperUITests.swift */,
				2B35F74F28DEAB18009EF9C9 /* APNs_HelperUITestsLaunchTests.swift */,
			);
			path = "APNs HelperUITests";
			sourceTree = "<group>";
		};
/* End PBXGroup section */

/* Begin PBXNativeTarget section */
		2B35F72828DEAB17009EF9C9 /* APNs Helper */ = {
			isa = PBXNativeTarget;
			buildConfigurationList = 2B35F75328DEAB18009EF9C9 /* Build configuration list for PBXNativeTarget "APNs Helper" */;
			buildPhases = (
				2B35F72528DEAB17009EF9C9 /* Sources */,
				2B35F72628DEAB17009EF9C9 /* Frameworks */,
				2B35F72728DEAB17009EF9C9 /* Resources */,
			);
			buildRules = (
			);
			dependencies = (
			);
			name = "APNs Helper";
			packageProductDependencies = (
				2B35F76828DEADE6009EF9C9 /* APNSwift */,
			);
			productName = "APNs Helper";
			productReference = 2B35F72928DEAB17009EF9C9 /* APNs Helper.app */;
			productType = "com.apple.product-type.application";
		};
		2B35F73E28DEAB18009EF9C9 /* APNs HelperTests */ = {
			isa = PBXNativeTarget;
			buildConfigurationList = 2B35F75628DEAB18009EF9C9 /* Build configuration list for PBXNativeTarget "APNs HelperTests" */;
			buildPhases = (
				2B35F73B28DEAB18009EF9C9 /* Sources */,
				2B35F73C28DEAB18009EF9C9 /* Frameworks */,
				2B35F73D28DEAB18009EF9C9 /* Resources */,
			);
			buildRules = (
			);
			dependencies = (
				2B35F74128DEAB18009EF9C9 /* PBXTargetDependency */,
			);
			name = "APNs HelperTests";
			productName = "APNs HelperTests";
			productReference = 2B35F73F28DEAB18009EF9C9 /* APNs HelperTests.xctest */;
			productType = "com.apple.product-type.bundle.unit-test";
		};
		2B35F74828DEAB18009EF9C9 /* APNs HelperUITests */ = {
			isa = PBXNativeTarget;
			buildConfigurationList = 2B35F75928DEAB18009EF9C9 /* Build configuration list for PBXNativeTarget "APNs HelperUITests" */;
			buildPhases = (
				2B35F74528DEAB18009EF9C9 /* Sources */,
				2B35F74628DEAB18009EF9C9 /* Frameworks */,
				2B35F74728DEAB18009EF9C9 /* Resources */,
			);
			buildRules = (
			);
			dependencies = (
				2B35F74B28DEAB18009EF9C9 /* PBXTargetDependency */,
			);
			name = "APNs HelperUITests";
			productName = "APNs HelperUITests";
			productReference = 2B35F74928DEAB18009EF9C9 /* APNs HelperUITests.xctest */;
			productType = "com.apple.product-type.bundle.ui-testing";
		};
/* End PBXNativeTarget section */

/* Begin PBXProject section */
		2B35F72128DEAB17009EF9C9 /* Project object */ = {
			isa = PBXProject;
			attributes = {
				BuildIndependentTargetsInParallel = 1;
				LastSwiftUpdateCheck = 1400;
				LastUpgradeCheck = 1400;
				TargetAttributes = {
					2B35F72828DEAB17009EF9C9 = {
						CreatedOnToolsVersion = 14.0.1;
					};
					2B35F73E28DEAB18009EF9C9 = {
						CreatedOnToolsVersion = 14.0.1;
						TestTargetID = 2B35F72828DEAB17009EF9C9;
					};
					2B35F74828DEAB18009EF9C9 = {
						CreatedOnToolsVersion = 14.0.1;
						TestTargetID = 2B35F72828DEAB17009EF9C9;
					};
				};
			};
			buildConfigurationList = 2B35F72428DEAB17009EF9C9 /* Build configuration list for PBXProject "APNs Helper" */;
			compatibilityVersion = "Xcode 14.0";
			developmentRegion = en;
			hasScannedForEncodings = 0;
			knownRegions = (
				en,
				Base,
			);
			mainGroup = 2B35F72028DEAB17009EF9C9;
			packageReferences = (
				2B35F76728DEADE6009EF9C9 /* XCRemoteSwiftPackageReference "APNSwift" */,
			);
			productRefGroup = 2B35F72A28DEAB17009EF9C9 /* Products */;
			projectDirPath = "";
			projectRoot = "";
			targets = (
				2B35F72828DEAB17009EF9C9 /* APNs Helper */,
				2B35F73E28DEAB18009EF9C9 /* APNs HelperTests */,
				2B35F74828DEAB18009EF9C9 /* APNs HelperUITests */,
			);
		};
/* End PBXProject section */

/* Begin PBXResourcesBuildPhase section */
		2B35F72728DEAB17009EF9C9 /* Resources */ = {
			isa = PBXResourcesBuildPhase;
			buildActionMask = 2147483647;
			files = (
				2B35F73A28DEAB18009EF9C9 /* Preview Assets.xcassets in Resources */,
				2B35F73628DEAB18009EF9C9 /* Assets.xcassets in Resources */,
			);
			runOnlyForDeploymentPostprocessing = 0;
		};
		2B35F73D28DEAB18009EF9C9 /* Resources */ = {
			isa = PBXResourcesBuildPhase;
			buildActionMask = 2147483647;
			files = (
			);
			runOnlyForDeploymentPostprocessing = 0;
		};
		2B35F74728DEAB18009EF9C9 /* Resources */ = {
			isa = PBXResourcesBuildPhase;
			buildActionMask = 2147483647;
			files = (
			);
			runOnlyForDeploymentPostprocessing = 0;
		};
/* End PBXResourcesBuildPhase section */

/* Begin PBXSourcesBuildPhase section */
		2B35F72528DEAB17009EF9C9 /* Sources */ = {
			isa = PBXSourcesBuildPhase;
			buildActionMask = 2147483647;
			files = (
				2B35F72D28DEAB17009EF9C9 /* App.swift in Sources */,
				2B35F76D28DEAFCD009EF9C9 /* AppModel.swift in Sources */,
				2B35F72F28DEAB17009EF9C9 /* Persistence.swift in Sources */,
				2B35F76B28DEAF56009EF9C9 /* Config.swift in Sources */,
				2BBDDE7B28E4B0FF0052DC28 /* APNsService.swift in Sources */,
				2BBDDE7728E494440052DC28 /* AppContent.swift in Sources */,
				2BBDDE7928E49A770052DC28 /* InputView.swift in Sources */,
				2B35F73428DEAB17009EF9C9 /* ContentView.swift in Sources */,
				2B35F73228DEAB17009EF9C9 /* APNs_Helper.xcdatamodeld in Sources */,
			);
			runOnlyForDeploymentPostprocessing = 0;
		};
		2B35F73B28DEAB18009EF9C9 /* Sources */ = {
			isa = PBXSourcesBuildPhase;
			buildActionMask = 2147483647;
			files = (
				2B35F74428DEAB18009EF9C9 /* APNs_HelperTests.swift in Sources */,
			);
			runOnlyForDeploymentPostprocessing = 0;
		};
		2B35F74528DEAB18009EF9C9 /* Sources */ = {
			isa = PBXSourcesBuildPhase;
			buildActionMask = 2147483647;
			files = (
				2B35F75028DEAB18009EF9C9 /* APNs_HelperUITestsLaunchTests.swift in Sources */,
				2B35F74E28DEAB18009EF9C9 /* APNs_HelperUITests.swift in Sources */,
			);
			runOnlyForDeploymentPostprocessing = 0;
		};
/* End PBXSourcesBuildPhase section */

/* Begin PBXTargetDependency section */
		2B35F74128DEAB18009EF9C9 /* PBXTargetDependency */ = {
			isa = PBXTargetDependency;
			target = 2B35F72828DEAB17009EF9C9 /* APNs Helper */;
			targetProxy = 2B35F74028DEAB18009EF9C9 /* PBXContainerItemProxy */;
		};
		2B35F74B28DEAB18009EF9C9 /* PBXTargetDependency */ = {
			isa = PBXTargetDependency;
			target = 2B35F72828DEAB17009EF9C9 /* APNs Helper */;
			targetProxy = 2B35F74A28DEAB18009EF9C9 /* PBXContainerItemProxy */;
		};
/* End PBXTargetDependency section */

/* Begin XCBuildConfiguration section */
		2B35F75128DEAB18009EF9C9 /* Debug */ = {
			isa = XCBuildConfiguration;
			buildSettings = {
				ALWAYS_SEARCH_USER_PATHS = NO;
				CLANG_ANALYZER_NONNULL = YES;
				CLANG_ANALYZER_NUMBER_OBJECT_CONVERSION = YES_AGGRESSIVE;
				CLANG_CXX_LANGUAGE_STANDARD = "gnu++20";
				CLANG_ENABLE_MODULES = YES;
				CLANG_ENABLE_OBJC_ARC = YES;
				CLANG_ENABLE_OBJC_WEAK = YES;
				CLANG_WARN_BLOCK_CAPTURE_AUTORELEASING = YES;
				CLANG_WARN_BOOL_CONVERSION = YES;
				CLANG_WARN_COMMA = YES;
				CLANG_WARN_CONSTANT_CONVERSION = YES;
				CLANG_WARN_DEPRECATED_OBJC_IMPLEMENTATIONS = YES;
				CLANG_WARN_DIRECT_OBJC_ISA_USAGE = YES_ERROR;
				CLANG_WARN_DOCUMENTATION_COMMENTS = YES;
				CLANG_WARN_EMPTY_BODY = YES;
				CLANG_WARN_ENUM_CONVERSION = YES;
				CLANG_WARN_INFINITE_RECURSION = YES;
				CLANG_WARN_INT_CONVERSION = YES;
				CLANG_WARN_NON_LITERAL_NULL_CONVERSION = YES;
				CLANG_WARN_OBJC_IMPLICIT_RETAIN_SELF = YES;
				CLANG_WARN_OBJC_LITERAL_CONVERSION = YES;
				CLANG_WARN_OBJC_ROOT_CLASS = YES_ERROR;
				CLANG_WARN_QUOTED_INCLUDE_IN_FRAMEWORK_HEADER = YES;
				CLANG_WARN_RANGE_LOOP_ANALYSIS = YES;
				CLANG_WARN_STRICT_PROTOTYPES = YES;
				CLANG_WARN_SUSPICIOUS_MOVE = YES;
				CLANG_WARN_UNGUARDED_AVAILABILITY = YES_AGGRESSIVE;
				CLANG_WARN_UNREACHABLE_CODE = YES;
				CLANG_WARN__DUPLICATE_METHOD_MATCH = YES;
				COPY_PHASE_STRIP = NO;
				DEBUG_INFORMATION_FORMAT = dwarf;
				ENABLE_STRICT_OBJC_MSGSEND = YES;
				ENABLE_TESTABILITY = YES;
				GCC_C_LANGUAGE_STANDARD = gnu11;
				GCC_DYNAMIC_NO_PIC = NO;
				GCC_NO_COMMON_BLOCKS = YES;
				GCC_OPTIMIZATION_LEVEL = 0;
				GCC_PREPROCESSOR_DEFINITIONS = (
					"DEBUG=1",
					"$(inherited)",
				);
				GCC_WARN_64_TO_32_BIT_CONVERSION = YES;
				GCC_WARN_ABOUT_RETURN_TYPE = YES_ERROR;
				GCC_WARN_UNDECLARED_SELECTOR = YES;
				GCC_WARN_UNINITIALIZED_AUTOS = YES_AGGRESSIVE;
				GCC_WARN_UNUSED_FUNCTION = YES;
				GCC_WARN_UNUSED_VARIABLE = YES;
				MTL_ENABLE_DEBUG_INFO = INCLUDE_SOURCE;
				MTL_FAST_MATH = YES;
				ONLY_ACTIVE_ARCH = YES;
				SWIFT_ACTIVE_COMPILATION_CONDITIONS = DEBUG;
				SWIFT_OPTIMIZATION_LEVEL = "-Onone";
			};
			name = Debug;
		};
		2B35F75228DEAB18009EF9C9 /* Release */ = {
			isa = XCBuildConfiguration;
			buildSettings = {
				ALWAYS_SEARCH_USER_PATHS = NO;
				CLANG_ANALYZER_NONNULL = YES;
				CLANG_ANALYZER_NUMBER_OBJECT_CONVERSION = YES_AGGRESSIVE;
				CLANG_CXX_LANGUAGE_STANDARD = "gnu++20";
				CLANG_ENABLE_MODULES = YES;
				CLANG_ENABLE_OBJC_ARC = YES;
				CLANG_ENABLE_OBJC_WEAK = YES;
				CLANG_WARN_BLOCK_CAPTURE_AUTORELEASING = YES;
				CLANG_WARN_BOOL_CONVERSION = YES;
				CLANG_WARN_COMMA = YES;
				CLANG_WARN_CONSTANT_CONVERSION = YES;
				CLANG_WARN_DEPRECATED_OBJC_IMPLEMENTATIONS = YES;
				CLANG_WARN_DIRECT_OBJC_ISA_USAGE = YES_ERROR;
				CLANG_WARN_DOCUMENTATION_COMMENTS = YES;
				CLANG_WARN_EMPTY_BODY = YES;
				CLANG_WARN_ENUM_CONVERSION = YES;
				CLANG_WARN_INFINITE_RECURSION = YES;
				CLANG_WARN_INT_CONVERSION = YES;
				CLANG_WARN_NON_LITERAL_NULL_CONVERSION = YES;
				CLANG_WARN_OBJC_IMPLICIT_RETAIN_SELF = YES;
				CLANG_WARN_OBJC_LITERAL_CONVERSION = YES;
				CLANG_WARN_OBJC_ROOT_CLASS = YES_ERROR;
				CLANG_WARN_QUOTED_INCLUDE_IN_FRAMEWORK_HEADER = YES;
				CLANG_WARN_RANGE_LOOP_ANALYSIS = YES;
				CLANG_WARN_STRICT_PROTOTYPES = YES;
				CLANG_WARN_SUSPICIOUS_MOVE = YES;
				CLANG_WARN_UNGUARDED_AVAILABILITY = YES_AGGRESSIVE;
				CLANG_WARN_UNREACHABLE_CODE = YES;
				CLANG_WARN__DUPLICATE_METHOD_MATCH = YES;
				COPY_PHASE_STRIP = NO;
				DEBUG_INFORMATION_FORMAT = "dwarf-with-dsym";
				ENABLE_NS_ASSERTIONS = NO;
				ENABLE_STRICT_OBJC_MSGSEND = YES;
				GCC_C_LANGUAGE_STANDARD = gnu11;
				GCC_NO_COMMON_BLOCKS = YES;
				GCC_WARN_64_TO_32_BIT_CONVERSION = YES;
				GCC_WARN_ABOUT_RETURN_TYPE = YES_ERROR;
				GCC_WARN_UNDECLARED_SELECTOR = YES;
				GCC_WARN_UNINITIALIZED_AUTOS = YES_AGGRESSIVE;
				GCC_WARN_UNUSED_FUNCTION = YES;
				GCC_WARN_UNUSED_VARIABLE = YES;
				MTL_ENABLE_DEBUG_INFO = NO;
				MTL_FAST_MATH = YES;
				SWIFT_COMPILATION_MODE = wholemodule;
				SWIFT_OPTIMIZATION_LEVEL = "-O";
			};
			name = Release;
		};
		2B35F75428DEAB18009EF9C9 /* Debug */ = {
			isa = XCBuildConfiguration;
			buildSettings = {
				ASSETCATALOG_COMPILER_APPICON_NAME = AppIcon;
				ASSETCATALOG_COMPILER_GLOBAL_ACCENT_COLOR_NAME = AccentColor;
				CODE_SIGN_ENTITLEMENTS = "APNs Helper/APNs_Helper.entitlements";
				CODE_SIGN_STYLE = Automatic;
				CURRENT_PROJECT_VERSION = 1;
				DEVELOPMENT_ASSET_PATHS = "\"APNs Helper/Preview Content\"";
				DEVELOPMENT_TEAM = 6UF48V8A6H;
				ENABLE_HARDENED_RUNTIME = YES;
				ENABLE_PREVIEWS = YES;
				GENERATE_INFOPLIST_FILE = YES;
				"INFOPLIST_KEY_UIApplicationSceneManifest_Generation[sdk=iphoneos*]" = YES;
				"INFOPLIST_KEY_UIApplicationSceneManifest_Generation[sdk=iphonesimulator*]" = YES;
				"INFOPLIST_KEY_UIApplicationSupportsIndirectInputEvents[sdk=iphoneos*]" = YES;
				"INFOPLIST_KEY_UIApplicationSupportsIndirectInputEvents[sdk=iphonesimulator*]" = YES;
				"INFOPLIST_KEY_UILaunchScreen_Generation[sdk=iphoneos*]" = YES;
				"INFOPLIST_KEY_UILaunchScreen_Generation[sdk=iphonesimulator*]" = YES;
				"INFOPLIST_KEY_UIStatusBarStyle[sdk=iphoneos*]" = UIStatusBarStyleDefault;
				"INFOPLIST_KEY_UIStatusBarStyle[sdk=iphonesimulator*]" = UIStatusBarStyleDefault;
				INFOPLIST_KEY_UISupportedInterfaceOrientations_iPad = "UIInterfaceOrientationPortrait UIInterfaceOrientationPortraitUpsideDown UIInterfaceOrientationLandscapeLeft UIInterfaceOrientationLandscapeRight";
				INFOPLIST_KEY_UISupportedInterfaceOrientations_iPhone = "UIInterfaceOrientationPortrait UIInterfaceOrientationLandscapeLeft UIInterfaceOrientationLandscapeRight";
				IPHONEOS_DEPLOYMENT_TARGET = 16.0;
				LD_RUNPATH_SEARCH_PATHS = "@executable_path/Frameworks";
				"LD_RUNPATH_SEARCH_PATHS[sdk=macosx*]" = "@executable_path/../Frameworks";
				MACOSX_DEPLOYMENT_TARGET = 12.3;
				MARKETING_VERSION = 1.0;
				PRODUCT_BUNDLE_IDENTIFIER = "com.joker.APNs-Helper";
				PRODUCT_NAME = "$(TARGET_NAME)";
				SDKROOT = auto;
				SUPPORTED_PLATFORMS = "iphoneos iphonesimulator macosx";
				SWIFT_EMIT_LOC_STRINGS = YES;
				SWIFT_VERSION = 5.0;
				TARGETED_DEVICE_FAMILY = "1,2";
			};
			name = Debug;
		};
		2B35F75528DEAB18009EF9C9 /* Release */ = {
			isa = XCBuildConfiguration;
			buildSettings = {
				ASSETCATALOG_COMPILER_APPICON_NAME = AppIcon;
				ASSETCATALOG_COMPILER_GLOBAL_ACCENT_COLOR_NAME = AccentColor;
				CODE_SIGN_ENTITLEMENTS = "APNs Helper/APNs_Helper.entitlements";
				CODE_SIGN_STYLE = Automatic;
				CURRENT_PROJECT_VERSION = 1;
				DEVELOPMENT_ASSET_PATHS = "\"APNs Helper/Preview Content\"";
				DEVELOPMENT_TEAM = 6UF48V8A6H;
				ENABLE_HARDENED_RUNTIME = YES;
				ENABLE_PREVIEWS = YES;
				GENERATE_INFOPLIST_FILE = YES;
				"INFOPLIST_KEY_UIApplicationSceneManifest_Generation[sdk=iphoneos*]" = YES;
				"INFOPLIST_KEY_UIApplicationSceneManifest_Generation[sdk=iphonesimulator*]" = YES;
				"INFOPLIST_KEY_UIApplicationSupportsIndirectInputEvents[sdk=iphoneos*]" = YES;
				"INFOPLIST_KEY_UIApplicationSupportsIndirectInputEvents[sdk=iphonesimulator*]" = YES;
				"INFOPLIST_KEY_UILaunchScreen_Generation[sdk=iphoneos*]" = YES;
				"INFOPLIST_KEY_UILaunchScreen_Generation[sdk=iphonesimulator*]" = YES;
				"INFOPLIST_KEY_UIStatusBarStyle[sdk=iphoneos*]" = UIStatusBarStyleDefault;
				"INFOPLIST_KEY_UIStatusBarStyle[sdk=iphonesimulator*]" = UIStatusBarStyleDefault;
				INFOPLIST_KEY_UISupportedInterfaceOrientations_iPad = "UIInterfaceOrientationPortrait UIInterfaceOrientationPortraitUpsideDown UIInterfaceOrientationLandscapeLeft UIInterfaceOrientationLandscapeRight";
				INFOPLIST_KEY_UISupportedInterfaceOrientations_iPhone = "UIInterfaceOrientationPortrait UIInterfaceOrientationLandscapeLeft UIInterfaceOrientationLandscapeRight";
				IPHONEOS_DEPLOYMENT_TARGET = 16.0;
				LD_RUNPATH_SEARCH_PATHS = "@executable_path/Frameworks";
				"LD_RUNPATH_SEARCH_PATHS[sdk=macosx*]" = "@executable_path/../Frameworks";
				MACOSX_DEPLOYMENT_TARGET = 12.3;
				MARKETING_VERSION = 1.0;
				PRODUCT_BUNDLE_IDENTIFIER = "com.joker.APNs-Helper";
				PRODUCT_NAME = "$(TARGET_NAME)";
				SDKROOT = auto;
				SUPPORTED_PLATFORMS = "iphoneos iphonesimulator macosx";
				SWIFT_EMIT_LOC_STRINGS = YES;
				SWIFT_VERSION = 5.0;
				TARGETED_DEVICE_FAMILY = "1,2";
			};
			name = Release;
		};
		2B35F75728DEAB18009EF9C9 /* Debug */ = {
			isa = XCBuildConfiguration;
			buildSettings = {
				ALWAYS_EMBED_SWIFT_STANDARD_LIBRARIES = YES;
				BUNDLE_LOADER = "$(TEST_HOST)";
				CODE_SIGN_STYLE = Automatic;
				CURRENT_PROJECT_VERSION = 1;
				DEVELOPMENT_TEAM = 6UF48V8A6H;
				GENERATE_INFOPLIST_FILE = YES;
				IPHONEOS_DEPLOYMENT_TARGET = 16.0;
				MACOSX_DEPLOYMENT_TARGET = 12.3;
				MARKETING_VERSION = 1.0;
				PRODUCT_BUNDLE_IDENTIFIER = "com.joker.APNs-HelperTests";
				PRODUCT_NAME = "$(TARGET_NAME)";
				SDKROOT = auto;
				SUPPORTED_PLATFORMS = "iphoneos iphonesimulator macosx";
				SWIFT_EMIT_LOC_STRINGS = NO;
				SWIFT_VERSION = 5.0;
				TARGETED_DEVICE_FAMILY = "1,2";
				TEST_HOST = "$(BUILT_PRODUCTS_DIR)/APNs Helper.app/$(BUNDLE_EXECUTABLE_FOLDER_PATH)/APNs Helper";
			};
			name = Debug;
		};
		2B35F75828DEAB18009EF9C9 /* Release */ = {
			isa = XCBuildConfiguration;
			buildSettings = {
				ALWAYS_EMBED_SWIFT_STANDARD_LIBRARIES = YES;
				BUNDLE_LOADER = "$(TEST_HOST)";
				CODE_SIGN_STYLE = Automatic;
				CURRENT_PROJECT_VERSION = 1;
				DEVELOPMENT_TEAM = 6UF48V8A6H;
				GENERATE_INFOPLIST_FILE = YES;
				IPHONEOS_DEPLOYMENT_TARGET = 16.0;
				MACOSX_DEPLOYMENT_TARGET = 12.3;
				MARKETING_VERSION = 1.0;
				PRODUCT_BUNDLE_IDENTIFIER = "com.joker.APNs-HelperTests";
				PRODUCT_NAME = "$(TARGET_NAME)";
				SDKROOT = auto;
				SUPPORTED_PLATFORMS = "iphoneos iphonesimulator macosx";
				SWIFT_EMIT_LOC_STRINGS = NO;
				SWIFT_VERSION = 5.0;
				TARGETED_DEVICE_FAMILY = "1,2";
				TEST_HOST = "$(BUILT_PRODUCTS_DIR)/APNs Helper.app/$(BUNDLE_EXECUTABLE_FOLDER_PATH)/APNs Helper";
			};
			name = Release;
		};
		2B35F75A28DEAB18009EF9C9 /* Debug */ = {
			isa = XCBuildConfiguration;
			buildSettings = {
				ALWAYS_EMBED_SWIFT_STANDARD_LIBRARIES = YES;
				CODE_SIGN_STYLE = Automatic;
				CURRENT_PROJECT_VERSION = 1;
				DEVELOPMENT_TEAM = 6UF48V8A6H;
				GENERATE_INFOPLIST_FILE = YES;
				IPHONEOS_DEPLOYMENT_TARGET = 16.0;
				MACOSX_DEPLOYMENT_TARGET = 12.3;
				MARKETING_VERSION = 1.0;
				PRODUCT_BUNDLE_IDENTIFIER = "com.joker.APNs-HelperUITests";
				PRODUCT_NAME = "$(TARGET_NAME)";
				SDKROOT = auto;
				SUPPORTED_PLATFORMS = "iphoneos iphonesimulator macosx";
				SWIFT_EMIT_LOC_STRINGS = NO;
				SWIFT_VERSION = 5.0;
				TARGETED_DEVICE_FAMILY = "1,2";
				TEST_TARGET_NAME = "APNs Helper";
			};
			name = Debug;
		};
		2B35F75B28DEAB18009EF9C9 /* Release */ = {
			isa = XCBuildConfiguration;
			buildSettings = {
				ALWAYS_EMBED_SWIFT_STANDARD_LIBRARIES = YES;
				CODE_SIGN_STYLE = Automatic;
				CURRENT_PROJECT_VERSION = 1;
				DEVELOPMENT_TEAM = 6UF48V8A6H;
				GENERATE_INFOPLIST_FILE = YES;
				IPHONEOS_DEPLOYMENT_TARGET = 16.0;
				MACOSX_DEPLOYMENT_TARGET = 12.3;
				MARKETING_VERSION = 1.0;
				PRODUCT_BUNDLE_IDENTIFIER = "com.joker.APNs-HelperUITests";
				PRODUCT_NAME = "$(TARGET_NAME)";
				SDKROOT = auto;
				SUPPORTED_PLATFORMS = "iphoneos iphonesimulator macosx";
				SWIFT_EMIT_LOC_STRINGS = NO;
				SWIFT_VERSION = 5.0;
				TARGETED_DEVICE_FAMILY = "1,2";
				TEST_TARGET_NAME = "APNs Helper";
			};
			name = Release;
		};
/* End XCBuildConfiguration section */

/* Begin XCConfigurationList section */
		2B35F72428DEAB17009EF9C9 /* Build configuration list for PBXProject "APNs Helper" */ = {
			isa = XCConfigurationList;
			buildConfigurations = (
				2B35F75128DEAB18009EF9C9 /* Debug */,
				2B35F75228DEAB18009EF9C9 /* Release */,
			);
			defaultConfigurationIsVisible = 0;
			defaultConfigurationName = Release;
		};
		2B35F75328DEAB18009EF9C9 /* Build configuration list for PBXNativeTarget "APNs Helper" */ = {
			isa = XCConfigurationList;
			buildConfigurations = (
				2B35F75428DEAB18009EF9C9 /* Debug */,
				2B35F75528DEAB18009EF9C9 /* Release */,
			);
			defaultConfigurationIsVisible = 0;
			defaultConfigurationName = Release;
		};
		2B35F75628DEAB18009EF9C9 /* Build configuration list for PBXNativeTarget "APNs HelperTests" */ = {
			isa = XCConfigurationList;
			buildConfigurations = (
				2B35F75728DEAB18009EF9C9 /* Debug */,
				2B35F75828DEAB18009EF9C9 /* Release */,
			);
			defaultConfigurationIsVisible = 0;
			defaultConfigurationName = Release;
		};
		2B35F75928DEAB18009EF9C9 /* Build configuration list for PBXNativeTarget "APNs HelperUITests" */ = {
			isa = XCConfigurationList;
			buildConfigurations = (
				2B35F75A28DEAB18009EF9C9 /* Debug */,
				2B35F75B28DEAB18009EF9C9 /* Release */,
			);
			defaultConfigurationIsVisible = 0;
			defaultConfigurationName = Release;
		};
/* End XCConfigurationList section */

/* Begin XCRemoteSwiftPackageReference section */
		2B35F76728DEADE6009EF9C9 /* XCRemoteSwiftPackageReference "APNSwift" */ = {
			isa = XCRemoteSwiftPackageReference;
			repositoryURL = "https://github.com/swift-server-community/APNSwift.git";
			requirement = {
				kind = exactVersion;
				version = "5.0.0-beta.1";
			};
		};
/* End XCRemoteSwiftPackageReference section */

/* Begin XCSwiftPackageProductDependency section */
		2B35F76828DEADE6009EF9C9 /* APNSwift */ = {
			isa = XCSwiftPackageProductDependency;
			package = 2B35F76728DEADE6009EF9C9 /* XCRemoteSwiftPackageReference "APNSwift" */;
			productName = APNSwift;
		};
/* End XCSwiftPackageProductDependency section */

/* Begin XCVersionGroup section */
		2B35F73028DEAB17009EF9C9 /* APNs_Helper.xcdatamodeld */ = {
			isa = XCVersionGroup;
			children = (
				2B35F73128DEAB17009EF9C9 /* APNs_Helper.xcdatamodel */,
			);
			currentVersion = 2B35F73128DEAB17009EF9C9 /* APNs_Helper.xcdatamodel */;
			path = APNs_Helper.xcdatamodeld;
			sourceTree = "<group>";
			versionGroupType = wrapper.xcdatamodel;
		};
/* End XCVersionGroup section */
	};
	rootObject = 2B35F72128DEAB17009EF9C9 /* Project object */;
}
